// !$*UTF8*$!
{
	archiveVersion = 1;
	classes = {
	};
	objectVersion = 46;
	objects = {

/* Begin PBXBuildFile section */
		A9077A3C16CB4ECF008032C7 /* thumb_AccelMover.png in Resources */ = {isa = PBXBuildFile; fileRef = A9077A3816CB4ECE008032C7 /* thumb_AccelMover.png */; };
		A9077A3D16CB4ECF008032C7 /* thumb_AccelMover@2x.png in Resources */ = {isa = PBXBuildFile; fileRef = A9077A3916CB4ECF008032C7 /* thumb_AccelMover@2x.png */; };
		A9077A3E16CB4ECF008032C7 /* thumb_MultiMover.png in Resources */ = {isa = PBXBuildFile; fileRef = A9077A3A16CB4ECF008032C7 /* thumb_MultiMover.png */; };
		A9077A3F16CB4ECF008032C7 /* thumb_MultiMover@2x.png in Resources */ = {isa = PBXBuildFile; fileRef = A9077A3B16CB4ECF008032C7 /* thumb_MultiMover@2x.png */; };
		A920CEBB16C0373D00284EAF /* thumb_DirectedWalker.png in Resources */ = {isa = PBXBuildFile; fileRef = A920CEB516C0373D00284EAF /* thumb_DirectedWalker.png */; };
		A920CEBC16C0373D00284EAF /* thumb_DirectedWalker@2x.png in Resources */ = {isa = PBXBuildFile; fileRef = A920CEB616C0373D00284EAF /* thumb_DirectedWalker@2x.png */; };
		A920CEBD16C0373D00284EAF /* thumb_PerlinWalker.png in Resources */ = {isa = PBXBuildFile; fileRef = A920CEB716C0373D00284EAF /* thumb_PerlinWalker.png */; };
		A920CEBE16C0373D00284EAF /* thumb_PerlinWalker@2x.png in Resources */ = {isa = PBXBuildFile; fileRef = A920CEB816C0373D00284EAF /* thumb_PerlinWalker@2x.png */; };
		A920CEBF16C0373D00284EAF /* thumb_RandomWalker.png in Resources */ = {isa = PBXBuildFile; fileRef = A920CEB916C0373D00284EAF /* thumb_RandomWalker.png */; };
		A920CEC016C0373D00284EAF /* thumb_RandomWalker@2x.png in Resources */ = {isa = PBXBuildFile; fileRef = A920CEBA16C0373D00284EAF /* thumb_RandomWalker@2x.png */; };
		A936F0AB16DDA73B00A6EBD8 /* thumb_PaperBurn.png in Resources */ = {isa = PBXBuildFile; fileRef = A936F0A716DDA73B00A6EBD8 /* thumb_PaperBurn.png */; };
		A936F0AC16DDA73B00A6EBD8 /* thumb_PaperBurn@2x.png in Resources */ = {isa = PBXBuildFile; fileRef = A936F0A816DDA73B00A6EBD8 /* thumb_PaperBurn@2x.png */; };
		A936F0AD16DDA73B00A6EBD8 /* thumb_ParticleSystem.png in Resources */ = {isa = PBXBuildFile; fileRef = A936F0A916DDA73B00A6EBD8 /* thumb_ParticleSystem.png */; };
		A936F0AE16DDA73B00A6EBD8 /* thumb_ParticleSystem@2x.png in Resources */ = {isa = PBXBuildFile; fileRef = A936F0AA16DDA73B00A6EBD8 /* thumb_ParticleSystem@2x.png */; };
		A936F0B216DE7FD900A6EBD8 /* NOCTriangulationSketchViewController.m in Sources */ = {isa = PBXBuildFile; fileRef = A936F0B116DE7FD900A6EBD8 /* NOCTriangulationSketchViewController.m */; };
		A936F0C016DE802E00A6EBD8 /* DelaunayEdge.m in Sources */ = {isa = PBXBuildFile; fileRef = A936F0B616DE802E00A6EBD8 /* DelaunayEdge.m */; };
		A936F0C116DE802E00A6EBD8 /* DelaunayPoint.m in Sources */ = {isa = PBXBuildFile; fileRef = A936F0B816DE802E00A6EBD8 /* DelaunayPoint.m */; };
		A936F0C216DE802E00A6EBD8 /* DelaunayTriangle.m in Sources */ = {isa = PBXBuildFile; fileRef = A936F0BA16DE802E00A6EBD8 /* DelaunayTriangle.m */; };
		A936F0C316DE802E00A6EBD8 /* DelaunayTriangulation.m in Sources */ = {isa = PBXBuildFile; fileRef = A936F0BC16DE802E00A6EBD8 /* DelaunayTriangulation.m */; };
		A936F0C416DE802E00A6EBD8 /* VoronoiCell.m in Sources */ = {isa = PBXBuildFile; fileRef = A936F0BF16DE802E00A6EBD8 /* VoronoiCell.m */; };
		A936F0C816DE9D1200A6EBD8 /* Triangulation.fsh in Resources */ = {isa = PBXBuildFile; fileRef = A936F0C616DE9D1200A6EBD8 /* Triangulation.fsh */; };
		A936F0C916DE9D1200A6EBD8 /* Triangulation.vsh in Resources */ = {isa = PBXBuildFile; fileRef = A936F0C716DE9D1200A6EBD8 /* Triangulation.vsh */; };
		A936F0CC16DEA02E00A6EBD8 /* DelaunayTriangulation+NOCHelpers.m in Sources */ = {isa = PBXBuildFile; fileRef = A936F0CB16DEA02D00A6EBD8 /* DelaunayTriangulation+NOCHelpers.m */; };
		A95A5A5016C2D8970001D07D /* NOCAccelMoverSketchViewController.m in Sources */ = {isa = PBXBuildFile; fileRef = A95A5A4F16C2D8970001D07D /* NOCAccelMoverSketchViewController.m */; };
		A95A5A5616C2D8C60001D07D /* NOCGuiAccelMover.xib in Resources */ = {isa = PBXBuildFile; fileRef = A95A5A5516C2D8C60001D07D /* NOCGuiAccelMover.xib */; };
		A95A5A5D16C2DABC0001D07D /* NOCParticle2D.m in Sources */ = {isa = PBXBuildFile; fileRef = A95A5A5C16C2DABC0001D07D /* NOCParticle2D.m */; };
		A95A5A6016C2E7AC0001D07D /* mover.png in Resources */ = {isa = PBXBuildFile; fileRef = A95A5A5F16C2E7AC0001D07D /* mover.png */; };
		A95C702316D0318E0058D8BA /* NOCMover2D.m in Sources */ = {isa = PBXBuildFile; fileRef = A95C701E16D0318E0058D8BA /* NOCMover2D.m */; };
		A95C702416D0318E0058D8BA /* NOCMover3D.m in Sources */ = {isa = PBXBuildFile; fileRef = A95C702016D0318E0058D8BA /* NOCMover3D.m */; };
		A95C702516D0318E0058D8BA /* NOCSceneBox.m in Sources */ = {isa = PBXBuildFile; fileRef = A95C702216D0318E0058D8BA /* NOCSceneBox.m */; };
		A95C702D16D031C40058D8BA /* Mover.fsh in Resources */ = {isa = PBXBuildFile; fileRef = A95C702716D031C40058D8BA /* Mover.fsh */; };
		A95C702E16D031C40058D8BA /* Mover.vsh in Resources */ = {isa = PBXBuildFile; fileRef = A95C702816D031C40058D8BA /* Mover.vsh */; };
		A95C702F16D031C40058D8BA /* RandomWalker.fsh in Resources */ = {isa = PBXBuildFile; fileRef = A95C702916D031C40058D8BA /* RandomWalker.fsh */; };
		A95C703016D031C40058D8BA /* RandomWalker.vsh in Resources */ = {isa = PBXBuildFile; fileRef = A95C702A16D031C40058D8BA /* RandomWalker.vsh */; };
		A95C703116D031C40058D8BA /* SceneBox.fsh in Resources */ = {isa = PBXBuildFile; fileRef = A95C702B16D031C40058D8BA /* SceneBox.fsh */; };
		A95C703216D031C40058D8BA /* SceneBox.vsh in Resources */ = {isa = PBXBuildFile; fileRef = A95C702C16D031C40058D8BA /* SceneBox.vsh */; };
		A95C703716D032460058D8BA /* Texture.fsh in Resources */ = {isa = PBXBuildFile; fileRef = A95C703316D032460058D8BA /* Texture.fsh */; };
		A95C703816D032460058D8BA /* Texture.vsh in Resources */ = {isa = PBXBuildFile; fileRef = A95C703416D032460058D8BA /* Texture.vsh */; };
		A95C703916D032460058D8BA /* SampleShader.fsh in Resources */ = {isa = PBXBuildFile; fileRef = A95C703516D032460058D8BA /* SampleShader.fsh */; };
		A95C703A16D032460058D8BA /* SampleShader.vsh in Resources */ = {isa = PBXBuildFile; fileRef = A95C703616D032460058D8BA /* SampleShader.vsh */; };
		A95C703E16D032F90058D8BA /* NOCWaveOscillationSketchViewController.m in Sources */ = {isa = PBXBuildFile; fileRef = A95C703D16D032F90058D8BA /* NOCWaveOscillationSketchViewController.m */; };
		A95C704216D034660058D8BA /* brushed_sphere.png in Resources */ = {isa = PBXBuildFile; fileRef = A95C703F16D034660058D8BA /* brushed_sphere.png */; };
		A95C704316D034660058D8BA /* dark_sphere.png in Resources */ = {isa = PBXBuildFile; fileRef = A95C704016D034660058D8BA /* dark_sphere.png */; };
		A95C704416D034660058D8BA /* shiny_sphere.png in Resources */ = {isa = PBXBuildFile; fileRef = A95C704116D034660058D8BA /* shiny_sphere.png */; };
		A95C704716D047760058D8BA /* NOCWaveAdditionSketchViewController.m in Sources */ = {isa = PBXBuildFile; fileRef = A95C704616D047760058D8BA /* NOCWaveAdditionSketchViewController.m */; };
		A95C704A16D05E560058D8BA /* NOCWaveTapSketchViewController.m in Sources */ = {isa = PBXBuildFile; fileRef = A95C704916D05E560058D8BA /* NOCWaveTapSketchViewController.m */; };
		A95C704D16D05F500058D8BA /* NOCTapWave.m in Sources */ = {isa = PBXBuildFile; fileRef = A95C704C16D05F500058D8BA /* NOCTapWave.m */; };
		A95C705016D139220058D8BA /* NOCWaveMatrixSketchViewController.m in Sources */ = {isa = PBXBuildFile; fileRef = A95C704F16D139210058D8BA /* NOCWaveMatrixSketchViewController.m */; };
		A95C705316D141B80058D8BA /* NOCSpring3D.m in Sources */ = {isa = PBXBuildFile; fileRef = A95C705216D141B80058D8BA /* NOCSpring3D.m */; };
		A95C705516D1812D0058D8BA /* MoverDepthShading.fsh in Resources */ = {isa = PBXBuildFile; fileRef = A95C705416D1812D0058D8BA /* MoverDepthShading.fsh */; };
		A95C705716D181380058D8BA /* MoverDepthShading.vsh in Resources */ = {isa = PBXBuildFile; fileRef = A95C705616D181380058D8BA /* MoverDepthShading.vsh */; };
		A95C705916D189C00058D8BA /* MoverTapMatrix.fsh in Resources */ = {isa = PBXBuildFile; fileRef = A95C705816D189C00058D8BA /* MoverTapMatrix.fsh */; };
		A95C705B16D189C90058D8BA /* MoverTapMatrix.vsh in Resources */ = {isa = PBXBuildFile; fileRef = A95C705A16D189C90058D8BA /* MoverTapMatrix.vsh */; };
		A95C8FEC16BD6E11003C8F5B /* Default-568h@2x.png in Resources */ = {isa = PBXBuildFile; fileRef = A95C8FE916BD6E11003C8F5B /* Default-568h@2x.png */; };
		A95C8FED16BD6E11003C8F5B /* Default.png in Resources */ = {isa = PBXBuildFile; fileRef = A95C8FEA16BD6E11003C8F5B /* Default.png */; };
		A95C8FEE16BD6E11003C8F5B /* Default@2x.png in Resources */ = {isa = PBXBuildFile; fileRef = A95C8FEB16BD6E11003C8F5B /* Default@2x.png */; };
		A95C900B16BD7351003C8F5B /* NOCSampleSketchViewController.m in Sources */ = {isa = PBXBuildFile; fileRef = A95C900516BD7351003C8F5B /* NOCSampleSketchViewController.m */; };
		A95C900E16BD7351003C8F5B /* NOCShaderProgram.m in Sources */ = {isa = PBXBuildFile; fileRef = A95C900A16BD7351003C8F5B /* NOCShaderProgram.m */; };
		A95C901816BD7EBB003C8F5B /* NOCTemplateSketchViewController.m in Sources */ = {isa = PBXBuildFile; fileRef = A95C901716BD7EBB003C8F5B /* NOCTemplateSketchViewController.m */; };
		A975327216C42044004CFE43 /* NOCMultiMoverSketchViewController.m in Sources */ = {isa = PBXBuildFile; fileRef = A975327116C42044004CFE43 /* NOCMultiMoverSketchViewController.m */; };
		A975327516C42CCF004CFE43 /* NOCGuiMultiMover.xib in Resources */ = {isa = PBXBuildFile; fileRef = A975327416C42CCE004CFE43 /* NOCGuiMultiMover.xib */; };
		A987361016BDF37E001D74E8 /* CoreMotion.framework in Frameworks */ = {isa = PBXBuildFile; fileRef = A987360F16BDF37E001D74E8 /* CoreMotion.framework */; };
		A987361A16BE052C001D74E8 /* NOCUIKitHelpers.m in Sources */ = {isa = PBXBuildFile; fileRef = A987361916BE052C001D74E8 /* NOCUIKitHelpers.m */; };
		A987362316BF443D001D74E8 /* QuartzCore.framework in Frameworks */ = {isa = PBXBuildFile; fileRef = A987362216BF443D001D74E8 /* QuartzCore.framework */; };
		A987362616BF511A001D74E8 /* CAEAGLLayer+Retained.m in Sources */ = {isa = PBXBuildFile; fileRef = A987362516BF511A001D74E8 /* CAEAGLLayer+Retained.m */; };
		A987363E16C00885001D74E8 /* perlin.c in Sources */ = {isa = PBXBuildFile; fileRef = A987363D16C00885001D74E8 /* perlin.c */; };
		A987364316C00C00001D74E8 /* CGGeometry.m in Sources */ = {isa = PBXBuildFile; fileRef = A987364216C00C00001D74E8 /* CGGeometry.m */; };
		A99889B016C1FADB002C924F /* NOCDirectedWalker.m in Sources */ = {isa = PBXBuildFile; fileRef = A998899D16C1FADB002C924F /* NOCDirectedWalker.m */; };
		A99889B116C1FADB002C924F /* NOCDirectedWalkerSketchViewController.m in Sources */ = {isa = PBXBuildFile; fileRef = A998899F16C1FADB002C924F /* NOCDirectedWalkerSketchViewController.m */; };
		A99889B216C1FADB002C924F /* NOCGuiDirectedWalker.xib in Resources */ = {isa = PBXBuildFile; fileRef = A99889A016C1FADB002C924F /* NOCGuiDirectedWalker.xib */; };
		A99889B316C1FADB002C924F /* NOCGuiPerlinWalker.xib in Resources */ = {isa = PBXBuildFile; fileRef = A99889A116C1FADB002C924F /* NOCGuiPerlinWalker.xib */; };
		A99889B416C1FADB002C924F /* NOCGuiRandomWalker.xib in Resources */ = {isa = PBXBuildFile; fileRef = A99889A216C1FADB002C924F /* NOCGuiRandomWalker.xib */; };
		A99889B516C1FADB002C924F /* NOCPerlinWalker.m in Sources */ = {isa = PBXBuildFile; fileRef = A99889A416C1FADB002C924F /* NOCPerlinWalker.m */; };
		A99889B616C1FADB002C924F /* NOCPerlinWalkerSketchViewController.m in Sources */ = {isa = PBXBuildFile; fileRef = A99889A616C1FADB002C924F /* NOCPerlinWalkerSketchViewController.m */; };
		A99889B716C1FADB002C924F /* NOCRandomWalker.m in Sources */ = {isa = PBXBuildFile; fileRef = A99889A816C1FADB002C924F /* NOCRandomWalker.m */; };
		A99889B816C1FADB002C924F /* NOCRandomWalkerSketchViewController.m in Sources */ = {isa = PBXBuildFile; fileRef = A99889AA16C1FADB002C924F /* NOCRandomWalkerSketchViewController.m */; };
		A99889B916C1FADB002C924F /* NOCWalker.m in Sources */ = {isa = PBXBuildFile; fileRef = A99889AC16C1FADB002C924F /* NOCWalker.m */; };
		A99889BE16C1FB09002C924F /* NOC2DSketchViewController.m in Sources */ = {isa = PBXBuildFile; fileRef = A99889BD16C1FB09002C924F /* NOC2DSketchViewController.m */; };
		A99889C016C2AA88002C924F /* NOCSketchDescriptionView.xib in Resources */ = {isa = PBXBuildFile; fileRef = A99889BF16C2AA88002C924F /* NOCSketchDescriptionView.xib */; };
		A9BC922A16CBE54A009AD45C /* NOCParticle3D.m in Sources */ = {isa = PBXBuildFile; fileRef = A9BC922916CBE54A009AD45C /* NOCParticle3D.m */; };
		A9BC922D16CBE781009AD45C /* NOCMovers3DSketchViewController.m in Sources */ = {isa = PBXBuildFile; fileRef = A9BC922C16CBE781009AD45C /* NOCMovers3DSketchViewController.m */; };
		A9BC923316CBEE36009AD45C /* NOC3DSketchViewController.m in Sources */ = {isa = PBXBuildFile; fileRef = A9BC923216CBEE36009AD45C /* NOC3DSketchViewController.m */; };
		A9BC923516CBF481009AD45C /* NOCGuiMover3D.xib in Resources */ = {isa = PBXBuildFile; fileRef = A9BC923416CBF481009AD45C /* NOCGuiMover3D.xib */; };
		A9BC923F16CC10DE009AD45C /* thumb_Movers3D.png in Resources */ = {isa = PBXBuildFile; fileRef = A9BC923D16CC10DE009AD45C /* thumb_Movers3D.png */; };
		A9BC924016CC10DE009AD45C /* thumb_Movers3D@2x.png in Resources */ = {isa = PBXBuildFile; fileRef = A9BC923E16CC10DE009AD45C /* thumb_Movers3D@2x.png */; };
		A9D1AE7E16B99A77000BE623 /* UIKit.framework in Frameworks */ = {isa = PBXBuildFile; fileRef = A9D1AE7D16B99A77000BE623 /* UIKit.framework */; };
		A9D1AE8016B99A77000BE623 /* Foundation.framework in Frameworks */ = {isa = PBXBuildFile; fileRef = A9D1AE7F16B99A77000BE623 /* Foundation.framework */; };
		A9D1AE8216B99A77000BE623 /* CoreGraphics.framework in Frameworks */ = {isa = PBXBuildFile; fileRef = A9D1AE8116B99A77000BE623 /* CoreGraphics.framework */; };
		A9D1AE8416B99A77000BE623 /* GLKit.framework in Frameworks */ = {isa = PBXBuildFile; fileRef = A9D1AE8316B99A77000BE623 /* GLKit.framework */; };
		A9D1AE8616B99A77000BE623 /* OpenGLES.framework in Frameworks */ = {isa = PBXBuildFile; fileRef = A9D1AE8516B99A77000BE623 /* OpenGLES.framework */; };
		A9D1AE8C16B99A77000BE623 /* InfoPlist.strings in Resources */ = {isa = PBXBuildFile; fileRef = A9D1AE8A16B99A77000BE623 /* InfoPlist.strings */; };
		A9D1AE8E16B99A77000BE623 /* main.m in Sources */ = {isa = PBXBuildFile; fileRef = A9D1AE8D16B99A77000BE623 /* main.m */; };
		A9D1AE9216B99A77000BE623 /* NOCAppDelegate.m in Sources */ = {isa = PBXBuildFile; fileRef = A9D1AE9116B99A77000BE623 /* NOCAppDelegate.m */; };
		A9D1AE9F16B99A78000BE623 /* NOCSketchViewController.m in Sources */ = {isa = PBXBuildFile; fileRef = A9D1AE9E16B99A78000BE623 /* NOCSketchViewController.m */; };
		A9D1AEA216B99A78000BE623 /* NOCSketchViewController~iphone.xib in Resources */ = {isa = PBXBuildFile; fileRef = A9D1AEA016B99A78000BE623 /* NOCSketchViewController~iphone.xib */; };
		A9D1AEA516B99A78000BE623 /* NOCSketchViewController~ipad.xib in Resources */ = {isa = PBXBuildFile; fileRef = A9D1AEA316B99A78000BE623 /* NOCSketchViewController~ipad.xib */; };
		A9D1AEB216B99E68000BE623 /* Icon1024.png in Resources */ = {isa = PBXBuildFile; fileRef = A9D1AEAC16B99E68000BE623 /* Icon1024.png */; };
		A9D1AEB316B99E68000BE623 /* Icon512.png in Resources */ = {isa = PBXBuildFile; fileRef = A9D1AEAD16B99E68000BE623 /* Icon512.png */; };
		A9D1AEB416B99E68000BE623 /* Icon@2x~ipad.png in Resources */ = {isa = PBXBuildFile; fileRef = A9D1AEAE16B99E68000BE623 /* Icon@2x~ipad.png */; };
		A9D1AEB516B99E68000BE623 /* Icon@2x~iphone.png in Resources */ = {isa = PBXBuildFile; fileRef = A9D1AEAF16B99E68000BE623 /* Icon@2x~iphone.png */; };
		A9D1AEB616B99E68000BE623 /* Icon~ipad.png in Resources */ = {isa = PBXBuildFile; fileRef = A9D1AEB016B99E68000BE623 /* Icon~ipad.png */; };
		A9D1AEB716B99E68000BE623 /* Icon~iphone.png in Resources */ = {isa = PBXBuildFile; fileRef = A9D1AEB116B99E68000BE623 /* Icon~iphone.png */; };
		A9D1AEBB16B9A111000BE623 /* NOCTableOfContentsViewController.m in Sources */ = {isa = PBXBuildFile; fileRef = A9D1AEB916B9A111000BE623 /* NOCTableOfContentsViewController.m */; };
		A9D1AEC216B9A288000BE623 /* TableOfContents.plist in Resources */ = {isa = PBXBuildFile; fileRef = A9D1AEC116B9A288000BE623 /* TableOfContents.plist */; };
		A9D1AEC516B9A77D000BE623 /* NOCTableOfContentsCell.m in Sources */ = {isa = PBXBuildFile; fileRef = A9D1AEC416B9A77D000BE623 /* NOCTableOfContentsCell.m */; };
		A9D1AEC816B9A7B1000BE623 /* NOCChapter.m in Sources */ = {isa = PBXBuildFile; fileRef = A9D1AEC716B9A7B1000BE623 /* NOCChapter.m */; };
		A9D1AECB16B9A806000BE623 /* NOCSketch.m in Sources */ = {isa = PBXBuildFile; fileRef = A9D1AECA16B9A806000BE623 /* NOCSketch.m */; };
		A9D7CB5616C1E86E00BD5331 /* Default-Landscape@2x~ipad.png in Resources */ = {isa = PBXBuildFile; fileRef = A9D7CB5016C1E86E00BD5331 /* Default-Landscape@2x~ipad.png */; };
		A9D7CB5716C1E86E00BD5331 /* Default-Landscape@2x~iphone.png in Resources */ = {isa = PBXBuildFile; fileRef = A9D7CB5116C1E86E00BD5331 /* Default-Landscape@2x~iphone.png */; };
		A9D7CB5816C1E86E00BD5331 /* Default-Landscape~ipad.png in Resources */ = {isa = PBXBuildFile; fileRef = A9D7CB5216C1E86E00BD5331 /* Default-Landscape~ipad.png */; };
		A9D7CB5916C1E86E00BD5331 /* Default-Landscape~iphone.png in Resources */ = {isa = PBXBuildFile; fileRef = A9D7CB5316C1E86E00BD5331 /* Default-Landscape~iphone.png */; };
		A9D7CB5A16C1E86E00BD5331 /* Default-Portrait@2x~ipad.png in Resources */ = {isa = PBXBuildFile; fileRef = A9D7CB5416C1E86E00BD5331 /* Default-Portrait@2x~ipad.png */; };
		A9D7CB5B16C1E86E00BD5331 /* Default-Portrait~ipad.png in Resources */ = {isa = PBXBuildFile; fileRef = A9D7CB5516C1E86E00BD5331 /* Default-Portrait~ipad.png */; };
		A9F6CB7716D1BD5D00F4BDF9 /* thumb_WaveAddition.png in Resources */ = {isa = PBXBuildFile; fileRef = A9F6CB7116D1BD5D00F4BDF9 /* thumb_WaveAddition.png */; };
		A9F6CB7816D1BD5D00F4BDF9 /* thumb_WaveAddition@2x.png in Resources */ = {isa = PBXBuildFile; fileRef = A9F6CB7216D1BD5D00F4BDF9 /* thumb_WaveAddition@2x.png */; };
		A9F6CB7916D1BD5D00F4BDF9 /* thumb_WaveMatrix.png in Resources */ = {isa = PBXBuildFile; fileRef = A9F6CB7316D1BD5D00F4BDF9 /* thumb_WaveMatrix.png */; };
		A9F6CB7A16D1BD5D00F4BDF9 /* thumb_WaveMatrix@2x.png in Resources */ = {isa = PBXBuildFile; fileRef = A9F6CB7416D1BD5D00F4BDF9 /* thumb_WaveMatrix@2x.png */; };
		A9F6CB7B16D1BD5D00F4BDF9 /* thumb_WaveTap.png in Resources */ = {isa = PBXBuildFile; fileRef = A9F6CB7516D1BD5D00F4BDF9 /* thumb_WaveTap.png */; };
		A9F6CB7C16D1BD5D00F4BDF9 /* thumb_WaveTap@2x.png in Resources */ = {isa = PBXBuildFile; fileRef = A9F6CB7616D1BD5D00F4BDF9 /* thumb_WaveTap@2x.png */; };
		A9F78AD216D913A900073D16 /* NOCParticleSystemSketchViewController.m in Sources */ = {isa = PBXBuildFile; fileRef = A9F78AD116D913A900073D16 /* NOCParticleSystemSketchViewController.m */; };
		A9F78AD516D913F200073D16 /* FlameParticle.fsh in Resources */ = {isa = PBXBuildFile; fileRef = A9F78AD316D913F200073D16 /* FlameParticle.fsh */; };
		A9F78AD616D913F200073D16 /* FlameParticle.vsh in Resources */ = {isa = PBXBuildFile; fileRef = A9F78AD416D913F200073D16 /* FlameParticle.vsh */; };
		A9F78ADB16D9180400073D16 /* flame_blue.png in Resources */ = {isa = PBXBuildFile; fileRef = A9F78AD716D9180400073D16 /* flame_blue.png */; };
		A9F78ADC16D9180400073D16 /* flame_green.png in Resources */ = {isa = PBXBuildFile; fileRef = A9F78AD816D9180400073D16 /* flame_green.png */; };
		A9F78ADD16D9180400073D16 /* flame_magenta.png in Resources */ = {isa = PBXBuildFile; fileRef = A9F78AD916D9180400073D16 /* flame_magenta.png */; };
		A9F78ADE16D9180400073D16 /* flame_red.png in Resources */ = {isa = PBXBuildFile; fileRef = A9F78ADA16D9180400073D16 /* flame_red.png */; };
		A9F78AE016D9203C00073D16 /* NOCGuiParticleSystem.xib in Resources */ = {isa = PBXBuildFile; fileRef = A9F78ADF16D9203B00073D16 /* NOCGuiParticleSystem.xib */; };
		A9F78AE316D9237C00073D16 /* NOCParticleSystem.m in Sources */ = {isa = PBXBuildFile; fileRef = A9F78AE216D9237B00073D16 /* NOCParticleSystem.m */; };
		A9F78AE716D926DF00073D16 /* NOCParticle.m in Sources */ = {isa = PBXBuildFile; fileRef = A9F78AE616D926DE00073D16 /* NOCParticle.m */; };
		A9F78AED16D949F500073D16 /* NOCPaperBurnSketchViewController.m in Sources */ = {isa = PBXBuildFile; fileRef = A9F78AEC16D949F500073D16 /* NOCPaperBurnSketchViewController.m */; };
		A9F78AF016D94C8300073D16 /* NOCCubeMover.m in Sources */ = {isa = PBXBuildFile; fileRef = A9F78AEF16D94C8300073D16 /* NOCCubeMover.m */; };
		A9F78AF316D94C9700073D16 /* NOCFlameParticle.m in Sources */ = {isa = PBXBuildFile; fileRef = A9F78AF216D94C9700073D16 /* NOCFlameParticle.m */; };
		A9F78AF616D9522D00073D16 /* NOCFlame.m in Sources */ = {isa = PBXBuildFile; fileRef = A9F78AF516D9522D00073D16 /* NOCFlame.m */; };
		A9F78AF916D9780900073D16 /* NOCFrameBuffer.m in Sources */ = {isa = PBXBuildFile; fileRef = A9F78AF816D9780800073D16 /* NOCFrameBuffer.m */; };
		A9F78AFC16D97F9C00073D16 /* Paper.fsh in Resources */ = {isa = PBXBuildFile; fileRef = A9F78AFA16D97F9B00073D16 /* Paper.fsh */; };
		A9F78AFD16D97F9C00073D16 /* Paper.vsh in Resources */ = {isa = PBXBuildFile; fileRef = A9F78AFB16D97F9C00073D16 /* Paper.vsh */; };
/* End PBXBuildFile section */

/* Begin PBXFileReference section */
		A9077A3716CB26C2008032C7 /* NOCPositionedMass.h */ = {isa = PBXFileReference; lastKnownFileType = sourcecode.c.h; path = NOCPositionedMass.h; sourceTree = "<group>"; };
		A9077A3816CB4ECE008032C7 /* thumb_AccelMover.png */ = {isa = PBXFileReference; lastKnownFileType = image.png; path = thumb_AccelMover.png; sourceTree = "<group>"; };
		A9077A3916CB4ECF008032C7 /* thumb_AccelMover@2x.png */ = {isa = PBXFileReference; lastKnownFileType = image.png; path = "thumb_AccelMover@2x.png"; sourceTree = "<group>"; };
		A9077A3A16CB4ECF008032C7 /* thumb_MultiMover.png */ = {isa = PBXFileReference; lastKnownFileType = image.png; path = thumb_MultiMover.png; sourceTree = "<group>"; };
		A9077A3B16CB4ECF008032C7 /* thumb_MultiMover@2x.png */ = {isa = PBXFileReference; lastKnownFileType = image.png; path = "thumb_MultiMover@2x.png"; sourceTree = "<group>"; };
		A920CEB516C0373D00284EAF /* thumb_DirectedWalker.png */ = {isa = PBXFileReference; lastKnownFileType = image.png; path = thumb_DirectedWalker.png; sourceTree = "<group>"; };
		A920CEB616C0373D00284EAF /* thumb_DirectedWalker@2x.png */ = {isa = PBXFileReference; lastKnownFileType = image.png; path = "thumb_DirectedWalker@2x.png"; sourceTree = "<group>"; };
		A920CEB716C0373D00284EAF /* thumb_PerlinWalker.png */ = {isa = PBXFileReference; lastKnownFileType = image.png; path = thumb_PerlinWalker.png; sourceTree = "<group>"; };
		A920CEB816C0373D00284EAF /* thumb_PerlinWalker@2x.png */ = {isa = PBXFileReference; lastKnownFileType = image.png; path = "thumb_PerlinWalker@2x.png"; sourceTree = "<group>"; };
		A920CEB916C0373D00284EAF /* thumb_RandomWalker.png */ = {isa = PBXFileReference; lastKnownFileType = image.png; path = thumb_RandomWalker.png; sourceTree = "<group>"; };
		A920CEBA16C0373D00284EAF /* thumb_RandomWalker@2x.png */ = {isa = PBXFileReference; lastKnownFileType = image.png; path = "thumb_RandomWalker@2x.png"; sourceTree = "<group>"; };
		A936F0A716DDA73B00A6EBD8 /* thumb_PaperBurn.png */ = {isa = PBXFileReference; lastKnownFileType = image.png; path = thumb_PaperBurn.png; sourceTree = "<group>"; };
		A936F0A816DDA73B00A6EBD8 /* thumb_PaperBurn@2x.png */ = {isa = PBXFileReference; lastKnownFileType = image.png; path = "thumb_PaperBurn@2x.png"; sourceTree = "<group>"; };
		A936F0A916DDA73B00A6EBD8 /* thumb_ParticleSystem.png */ = {isa = PBXFileReference; lastKnownFileType = image.png; path = thumb_ParticleSystem.png; sourceTree = "<group>"; };
		A936F0AA16DDA73B00A6EBD8 /* thumb_ParticleSystem@2x.png */ = {isa = PBXFileReference; lastKnownFileType = image.png; path = "thumb_ParticleSystem@2x.png"; sourceTree = "<group>"; };
		A936F0B016DE7FD900A6EBD8 /* NOCTriangulationSketchViewController.h */ = {isa = PBXFileReference; fileEncoding = 4; lastKnownFileType = sourcecode.c.h; path = NOCTriangulationSketchViewController.h; sourceTree = "<group>"; };
		A936F0B116DE7FD900A6EBD8 /* NOCTriangulationSketchViewController.m */ = {isa = PBXFileReference; fileEncoding = 4; lastKnownFileType = sourcecode.c.objc; path = NOCTriangulationSketchViewController.m; sourceTree = "<group>"; };
		A936F0B516DE802E00A6EBD8 /* DelaunayEdge.h */ = {isa = PBXFileReference; fileEncoding = 4; lastKnownFileType = sourcecode.c.h; path = DelaunayEdge.h; sourceTree = "<group>"; };
		A936F0B616DE802E00A6EBD8 /* DelaunayEdge.m */ = {isa = PBXFileReference; fileEncoding = 4; lastKnownFileType = sourcecode.c.objc; path = DelaunayEdge.m; sourceTree = "<group>"; };
		A936F0B716DE802E00A6EBD8 /* DelaunayPoint.h */ = {isa = PBXFileReference; fileEncoding = 4; lastKnownFileType = sourcecode.c.h; path = DelaunayPoint.h; sourceTree = "<group>"; };
		A936F0B816DE802E00A6EBD8 /* DelaunayPoint.m */ = {isa = PBXFileReference; fileEncoding = 4; lastKnownFileType = sourcecode.c.objc; path = DelaunayPoint.m; sourceTree = "<group>"; };
		A936F0B916DE802E00A6EBD8 /* DelaunayTriangle.h */ = {isa = PBXFileReference; fileEncoding = 4; lastKnownFileType = sourcecode.c.h; path = DelaunayTriangle.h; sourceTree = "<group>"; };
		A936F0BA16DE802E00A6EBD8 /* DelaunayTriangle.m */ = {isa = PBXFileReference; fileEncoding = 4; lastKnownFileType = sourcecode.c.objc; path = DelaunayTriangle.m; sourceTree = "<group>"; };
		A936F0BB16DE802E00A6EBD8 /* DelaunayTriangulation.h */ = {isa = PBXFileReference; fileEncoding = 4; lastKnownFileType = sourcecode.c.h; path = DelaunayTriangulation.h; sourceTree = "<group>"; };
		A936F0BC16DE802E00A6EBD8 /* DelaunayTriangulation.m */ = {isa = PBXFileReference; fileEncoding = 4; lastKnownFileType = sourcecode.c.objc; path = DelaunayTriangulation.m; sourceTree = "<group>"; };
		A936F0BE16DE802E00A6EBD8 /* VoronoiCell.h */ = {isa = PBXFileReference; fileEncoding = 4; lastKnownFileType = sourcecode.c.h; path = VoronoiCell.h; sourceTree = "<group>"; };
		A936F0BF16DE802E00A6EBD8 /* VoronoiCell.m */ = {isa = PBXFileReference; fileEncoding = 4; lastKnownFileType = sourcecode.c.objc; path = VoronoiCell.m; sourceTree = "<group>"; };
		A936F0C516DE872D00A6EBD8 /* Edgy.h */ = {isa = PBXFileReference; lastKnownFileType = sourcecode.c.h; path = Edgy.h; sourceTree = "<group>"; };
		A936F0C616DE9D1200A6EBD8 /* Triangulation.fsh */ = {isa = PBXFileReference; fileEncoding = 4; lastKnownFileType = sourcecode.glsl; path = Triangulation.fsh; sourceTree = "<group>"; };
		A936F0C716DE9D1200A6EBD8 /* Triangulation.vsh */ = {isa = PBXFileReference; fileEncoding = 4; lastKnownFileType = sourcecode.glsl; path = Triangulation.vsh; sourceTree = "<group>"; };
		A936F0CA16DEA02D00A6EBD8 /* DelaunayTriangulation+NOCHelpers.h */ = {isa = PBXFileReference; fileEncoding = 4; lastKnownFileType = sourcecode.c.h; path = "DelaunayTriangulation+NOCHelpers.h"; sourceTree = "<group>"; };
		A936F0CB16DEA02D00A6EBD8 /* DelaunayTriangulation+NOCHelpers.m */ = {isa = PBXFileReference; fileEncoding = 4; lastKnownFileType = sourcecode.c.objc; path = "DelaunayTriangulation+NOCHelpers.m"; sourceTree = "<group>"; };
		A95A5A4E16C2D8970001D07D /* NOCAccelMoverSketchViewController.h */ = {isa = PBXFileReference; fileEncoding = 4; lastKnownFileType = sourcecode.c.h; name = NOCAccelMoverSketchViewController.h; path = "Nature of Code/Week 2/NOCAccelMoverSketchViewController.h"; sourceTree = SOURCE_ROOT; };
		A95A5A4F16C2D8970001D07D /* NOCAccelMoverSketchViewController.m */ = {isa = PBXFileReference; fileEncoding = 4; lastKnownFileType = sourcecode.c.objc; name = NOCAccelMoverSketchViewController.m; path = "Nature of Code/Week 2/NOCAccelMoverSketchViewController.m"; sourceTree = SOURCE_ROOT; };
		A95A5A5516C2D8C60001D07D /* NOCGuiAccelMover.xib */ = {isa = PBXFileReference; fileEncoding = 4; lastKnownFileType = file.xib; name = NOCGuiAccelMover.xib; path = "Nature of Code/Week 2/NOCGuiAccelMover.xib"; sourceTree = SOURCE_ROOT; };
		A95A5A5B16C2DABC0001D07D /* NOCParticle2D.h */ = {isa = PBXFileReference; fileEncoding = 4; lastKnownFileType = sourcecode.c.h; path = NOCParticle2D.h; sourceTree = "<group>"; };
		A95A5A5C16C2DABC0001D07D /* NOCParticle2D.m */ = {isa = PBXFileReference; fileEncoding = 4; lastKnownFileType = sourcecode.c.objc; path = NOCParticle2D.m; sourceTree = "<group>"; };
		A95A5A5F16C2E7AC0001D07D /* mover.png */ = {isa = PBXFileReference; lastKnownFileType = image.png; path = mover.png; sourceTree = "<group>"; };
		A95C701D16D0318E0058D8BA /* NOCMover2D.h */ = {isa = PBXFileReference; fileEncoding = 4; lastKnownFileType = sourcecode.c.h; path = NOCMover2D.h; sourceTree = "<group>"; };
		A95C701E16D0318E0058D8BA /* NOCMover2D.m */ = {isa = PBXFileReference; fileEncoding = 4; lastKnownFileType = sourcecode.c.objc; path = NOCMover2D.m; sourceTree = "<group>"; };
		A95C701F16D0318E0058D8BA /* NOCMover3D.h */ = {isa = PBXFileReference; fileEncoding = 4; lastKnownFileType = sourcecode.c.h; path = NOCMover3D.h; sourceTree = "<group>"; };
		A95C702016D0318E0058D8BA /* NOCMover3D.m */ = {isa = PBXFileReference; fileEncoding = 4; lastKnownFileType = sourcecode.c.objc; path = NOCMover3D.m; sourceTree = "<group>"; };
		A95C702116D0318E0058D8BA /* NOCSceneBox.h */ = {isa = PBXFileReference; fileEncoding = 4; lastKnownFileType = sourcecode.c.h; path = NOCSceneBox.h; sourceTree = "<group>"; };
		A95C702216D0318E0058D8BA /* NOCSceneBox.m */ = {isa = PBXFileReference; fileEncoding = 4; lastKnownFileType = sourcecode.c.objc; path = NOCSceneBox.m; sourceTree = "<group>"; };
		A95C702716D031C40058D8BA /* Mover.fsh */ = {isa = PBXFileReference; fileEncoding = 4; lastKnownFileType = sourcecode.glsl; path = Mover.fsh; sourceTree = "<group>"; };
		A95C702816D031C40058D8BA /* Mover.vsh */ = {isa = PBXFileReference; fileEncoding = 4; lastKnownFileType = sourcecode.glsl; path = Mover.vsh; sourceTree = "<group>"; };
		A95C702916D031C40058D8BA /* RandomWalker.fsh */ = {isa = PBXFileReference; fileEncoding = 4; lastKnownFileType = sourcecode.glsl; path = RandomWalker.fsh; sourceTree = "<group>"; };
		A95C702A16D031C40058D8BA /* RandomWalker.vsh */ = {isa = PBXFileReference; fileEncoding = 4; lastKnownFileType = sourcecode.glsl; path = RandomWalker.vsh; sourceTree = "<group>"; };
		A95C702B16D031C40058D8BA /* SceneBox.fsh */ = {isa = PBXFileReference; fileEncoding = 4; lastKnownFileType = sourcecode.glsl; path = SceneBox.fsh; sourceTree = "<group>"; };
		A95C702C16D031C40058D8BA /* SceneBox.vsh */ = {isa = PBXFileReference; fileEncoding = 4; lastKnownFileType = sourcecode.glsl; path = SceneBox.vsh; sourceTree = "<group>"; };
		A95C703316D032460058D8BA /* Texture.fsh */ = {isa = PBXFileReference; fileEncoding = 4; lastKnownFileType = sourcecode.glsl; path = Texture.fsh; sourceTree = "<group>"; };
		A95C703416D032460058D8BA /* Texture.vsh */ = {isa = PBXFileReference; fileEncoding = 4; lastKnownFileType = sourcecode.glsl; path = Texture.vsh; sourceTree = "<group>"; };
		A95C703516D032460058D8BA /* SampleShader.fsh */ = {isa = PBXFileReference; fileEncoding = 4; lastKnownFileType = sourcecode.glsl; path = SampleShader.fsh; sourceTree = "<group>"; };
		A95C703616D032460058D8BA /* SampleShader.vsh */ = {isa = PBXFileReference; fileEncoding = 4; lastKnownFileType = sourcecode.glsl; path = SampleShader.vsh; sourceTree = "<group>"; };
		A95C703C16D032F90058D8BA /* NOCWaveOscillationSketchViewController.h */ = {isa = PBXFileReference; fileEncoding = 4; lastKnownFileType = sourcecode.c.h; path = NOCWaveOscillationSketchViewController.h; sourceTree = "<group>"; };
		A95C703D16D032F90058D8BA /* NOCWaveOscillationSketchViewController.m */ = {isa = PBXFileReference; fileEncoding = 4; lastKnownFileType = sourcecode.c.objc; path = NOCWaveOscillationSketchViewController.m; sourceTree = "<group>"; };
		A95C703F16D034660058D8BA /* brushed_sphere.png */ = {isa = PBXFileReference; lastKnownFileType = image.png; path = brushed_sphere.png; sourceTree = "<group>"; };
		A95C704016D034660058D8BA /* dark_sphere.png */ = {isa = PBXFileReference; lastKnownFileType = image.png; path = dark_sphere.png; sourceTree = "<group>"; };
		A95C704116D034660058D8BA /* shiny_sphere.png */ = {isa = PBXFileReference; lastKnownFileType = image.png; path = shiny_sphere.png; sourceTree = "<group>"; };
		A95C704516D047760058D8BA /* NOCWaveAdditionSketchViewController.h */ = {isa = PBXFileReference; fileEncoding = 4; lastKnownFileType = sourcecode.c.h; path = NOCWaveAdditionSketchViewController.h; sourceTree = "<group>"; };
		A95C704616D047760058D8BA /* NOCWaveAdditionSketchViewController.m */ = {isa = PBXFileReference; fileEncoding = 4; lastKnownFileType = sourcecode.c.objc; path = NOCWaveAdditionSketchViewController.m; sourceTree = "<group>"; };
		A95C704816D05E560058D8BA /* NOCWaveTapSketchViewController.h */ = {isa = PBXFileReference; fileEncoding = 4; lastKnownFileType = sourcecode.c.h; path = NOCWaveTapSketchViewController.h; sourceTree = "<group>"; };
		A95C704916D05E560058D8BA /* NOCWaveTapSketchViewController.m */ = {isa = PBXFileReference; fileEncoding = 4; lastKnownFileType = sourcecode.c.objc; path = NOCWaveTapSketchViewController.m; sourceTree = "<group>"; };
		A95C704B16D05F500058D8BA /* NOCTapWave.h */ = {isa = PBXFileReference; fileEncoding = 4; lastKnownFileType = sourcecode.c.h; path = NOCTapWave.h; sourceTree = "<group>"; };
		A95C704C16D05F500058D8BA /* NOCTapWave.m */ = {isa = PBXFileReference; fileEncoding = 4; lastKnownFileType = sourcecode.c.objc; path = NOCTapWave.m; sourceTree = "<group>"; };
		A95C704E16D139210058D8BA /* NOCWaveMatrixSketchViewController.h */ = {isa = PBXFileReference; fileEncoding = 4; lastKnownFileType = sourcecode.c.h; path = NOCWaveMatrixSketchViewController.h; sourceTree = "<group>"; };
		A95C704F16D139210058D8BA /* NOCWaveMatrixSketchViewController.m */ = {isa = PBXFileReference; fileEncoding = 4; lastKnownFileType = sourcecode.c.objc; path = NOCWaveMatrixSketchViewController.m; sourceTree = "<group>"; };
		A95C705116D141B80058D8BA /* NOCSpring3D.h */ = {isa = PBXFileReference; fileEncoding = 4; lastKnownFileType = sourcecode.c.h; path = NOCSpring3D.h; sourceTree = "<group>"; };
		A95C705216D141B80058D8BA /* NOCSpring3D.m */ = {isa = PBXFileReference; fileEncoding = 4; lastKnownFileType = sourcecode.c.objc; path = NOCSpring3D.m; sourceTree = "<group>"; };
		A95C705416D1812D0058D8BA /* MoverDepthShading.fsh */ = {isa = PBXFileReference; fileEncoding = 4; lastKnownFileType = sourcecode.glsl; path = MoverDepthShading.fsh; sourceTree = "<group>"; xcLanguageSpecificationIdentifier = xcode.lang.glsl; };
		A95C705616D181380058D8BA /* MoverDepthShading.vsh */ = {isa = PBXFileReference; fileEncoding = 4; lastKnownFileType = sourcecode.glsl; path = MoverDepthShading.vsh; sourceTree = "<group>"; xcLanguageSpecificationIdentifier = xcode.lang.glsl; };
		A95C705816D189C00058D8BA /* MoverTapMatrix.fsh */ = {isa = PBXFileReference; fileEncoding = 4; lastKnownFileType = sourcecode.glsl; path = MoverTapMatrix.fsh; sourceTree = "<group>"; xcLanguageSpecificationIdentifier = xcode.lang.glsl; };
		A95C705A16D189C90058D8BA /* MoverTapMatrix.vsh */ = {isa = PBXFileReference; fileEncoding = 4; lastKnownFileType = sourcecode.glsl; path = MoverTapMatrix.vsh; sourceTree = "<group>"; xcLanguageSpecificationIdentifier = xcode.lang.glsl; };
		A95C8FE916BD6E11003C8F5B /* Default-568h@2x.png */ = {isa = PBXFileReference; lastKnownFileType = image.png; path = "Default-568h@2x.png"; sourceTree = "<group>"; };
		A95C8FEA16BD6E11003C8F5B /* Default.png */ = {isa = PBXFileReference; lastKnownFileType = image.png; path = Default.png; sourceTree = "<group>"; };
		A95C8FEB16BD6E11003C8F5B /* Default@2x.png */ = {isa = PBXFileReference; lastKnownFileType = image.png; path = "Default@2x.png"; sourceTree = "<group>"; };
		A95C900416BD7351003C8F5B /* NOCSampleSketchViewController.h */ = {isa = PBXFileReference; fileEncoding = 4; lastKnownFileType = sourcecode.c.h; path = NOCSampleSketchViewController.h; sourceTree = "<group>"; };
		A95C900516BD7351003C8F5B /* NOCSampleSketchViewController.m */ = {isa = PBXFileReference; fileEncoding = 4; lastKnownFileType = sourcecode.c.objc; path = NOCSampleSketchViewController.m; sourceTree = "<group>"; };
		A95C900916BD7351003C8F5B /* NOCShaderProgram.h */ = {isa = PBXFileReference; fileEncoding = 4; lastKnownFileType = sourcecode.c.h; path = NOCShaderProgram.h; sourceTree = "<group>"; };
		A95C900A16BD7351003C8F5B /* NOCShaderProgram.m */ = {isa = PBXFileReference; fileEncoding = 4; lastKnownFileType = sourcecode.c.objc; path = NOCShaderProgram.m; sourceTree = "<group>"; };
		A95C901616BD7EBB003C8F5B /* NOCTemplateSketchViewController.h */ = {isa = PBXFileReference; fileEncoding = 4; lastKnownFileType = sourcecode.c.h; path = NOCTemplateSketchViewController.h; sourceTree = "<group>"; };
		A95C901716BD7EBB003C8F5B /* NOCTemplateSketchViewController.m */ = {isa = PBXFileReference; fileEncoding = 4; lastKnownFileType = sourcecode.c.objc; path = NOCTemplateSketchViewController.m; sourceTree = "<group>"; };
		A95C901E16BD81FA003C8F5B /* NOCOpenGLHelpers.h */ = {isa = PBXFileReference; fileEncoding = 4; lastKnownFileType = sourcecode.c.h; name = NOCOpenGLHelpers.h; path = Shared/NOCOpenGLHelpers.h; sourceTree = "<group>"; };
		A95C902116BDA1EE003C8F5B /* NOCGeometryHelpers.h */ = {isa = PBXFileReference; lastKnownFileType = sourcecode.c.h; name = NOCGeometryHelpers.h; path = Shared/NOCGeometryHelpers.h; sourceTree = "<group>"; };
		A975327016C42044004CFE43 /* NOCMultiMoverSketchViewController.h */ = {isa = PBXFileReference; fileEncoding = 4; lastKnownFileType = sourcecode.c.h; name = NOCMultiMoverSketchViewController.h; path = "Nature of Code/Week 2/NOCMultiMoverSketchViewController.h"; sourceTree = SOURCE_ROOT; };
		A975327116C42044004CFE43 /* NOCMultiMoverSketchViewController.m */ = {isa = PBXFileReference; fileEncoding = 4; lastKnownFileType = sourcecode.c.objc; name = NOCMultiMoverSketchViewController.m; path = "Nature of Code/Week 2/NOCMultiMoverSketchViewController.m"; sourceTree = SOURCE_ROOT; };
		A975327416C42CCE004CFE43 /* NOCGuiMultiMover.xib */ = {isa = PBXFileReference; fileEncoding = 4; lastKnownFileType = file.xib; name = NOCGuiMultiMover.xib; path = "Nature of Code/Week 2/NOCGuiMultiMover.xib"; sourceTree = SOURCE_ROOT; };
		A987360F16BDF37E001D74E8 /* CoreMotion.framework */ = {isa = PBXFileReference; lastKnownFileType = wrapper.framework; name = CoreMotion.framework; path = System/Library/Frameworks/CoreMotion.framework; sourceTree = SDKROOT; };
		A987361816BE052C001D74E8 /* NOCUIKitHelpers.h */ = {isa = PBXFileReference; fileEncoding = 4; lastKnownFileType = sourcecode.c.h; path = NOCUIKitHelpers.h; sourceTree = "<group>"; };
		A987361916BE052C001D74E8 /* NOCUIKitHelpers.m */ = {isa = PBXFileReference; fileEncoding = 4; lastKnownFileType = sourcecode.c.objc; path = NOCUIKitHelpers.m; sourceTree = "<group>"; };
		A987362216BF443D001D74E8 /* QuartzCore.framework */ = {isa = PBXFileReference; lastKnownFileType = wrapper.framework; name = QuartzCore.framework; path = System/Library/Frameworks/QuartzCore.framework; sourceTree = SDKROOT; };
		A987362416BF511A001D74E8 /* CAEAGLLayer+Retained.h */ = {isa = PBXFileReference; fileEncoding = 4; lastKnownFileType = sourcecode.c.h; path = "CAEAGLLayer+Retained.h"; sourceTree = "<group>"; };
		A987362516BF511A001D74E8 /* CAEAGLLayer+Retained.m */ = {isa = PBXFileReference; fileEncoding = 4; lastKnownFileType = sourcecode.c.objc; path = "CAEAGLLayer+Retained.m"; sourceTree = "<group>"; };
		A987363D16C00885001D74E8 /* perlin.c */ = {isa = PBXFileReference; fileEncoding = 4; lastKnownFileType = sourcecode.c.c; path = perlin.c; sourceTree = "<group>"; };
		A987364016C0093D001D74E8 /* perlin.h */ = {isa = PBXFileReference; fileEncoding = 4; lastKnownFileType = sourcecode.c.h; path = perlin.h; sourceTree = "<group>"; };
		A987364116C00BFF001D74E8 /* CGGeometry.h */ = {isa = PBXFileReference; fileEncoding = 4; lastKnownFileType = sourcecode.c.h; path = CGGeometry.h; sourceTree = "<group>"; };
		A987364216C00C00001D74E8 /* CGGeometry.m */ = {isa = PBXFileReference; fileEncoding = 4; lastKnownFileType = sourcecode.c.objc; path = CGGeometry.m; sourceTree = "<group>"; };
		A998899C16C1FADB002C924F /* NOCDirectedWalker.h */ = {isa = PBXFileReference; fileEncoding = 4; lastKnownFileType = sourcecode.c.h; name = NOCDirectedWalker.h; path = "Nature of Code/Week 1/NOCDirectedWalker.h"; sourceTree = SOURCE_ROOT; };
		A998899D16C1FADB002C924F /* NOCDirectedWalker.m */ = {isa = PBXFileReference; fileEncoding = 4; lastKnownFileType = sourcecode.c.objc; name = NOCDirectedWalker.m; path = "Nature of Code/Week 1/NOCDirectedWalker.m"; sourceTree = SOURCE_ROOT; };
		A998899E16C1FADB002C924F /* NOCDirectedWalkerSketchViewController.h */ = {isa = PBXFileReference; fileEncoding = 4; lastKnownFileType = sourcecode.c.h; name = NOCDirectedWalkerSketchViewController.h; path = "Nature of Code/Week 1/NOCDirectedWalkerSketchViewController.h"; sourceTree = SOURCE_ROOT; };
		A998899F16C1FADB002C924F /* NOCDirectedWalkerSketchViewController.m */ = {isa = PBXFileReference; fileEncoding = 4; lastKnownFileType = sourcecode.c.objc; name = NOCDirectedWalkerSketchViewController.m; path = "Nature of Code/Week 1/NOCDirectedWalkerSketchViewController.m"; sourceTree = SOURCE_ROOT; };
		A99889A016C1FADB002C924F /* NOCGuiDirectedWalker.xib */ = {isa = PBXFileReference; fileEncoding = 4; lastKnownFileType = file.xib; name = NOCGuiDirectedWalker.xib; path = "Nature of Code/Week 1/NOCGuiDirectedWalker.xib"; sourceTree = SOURCE_ROOT; };
		A99889A116C1FADB002C924F /* NOCGuiPerlinWalker.xib */ = {isa = PBXFileReference; fileEncoding = 4; lastKnownFileType = file.xib; name = NOCGuiPerlinWalker.xib; path = "Nature of Code/Week 1/NOCGuiPerlinWalker.xib"; sourceTree = SOURCE_ROOT; };
		A99889A216C1FADB002C924F /* NOCGuiRandomWalker.xib */ = {isa = PBXFileReference; fileEncoding = 4; lastKnownFileType = file.xib; name = NOCGuiRandomWalker.xib; path = "Nature of Code/Week 1/NOCGuiRandomWalker.xib"; sourceTree = SOURCE_ROOT; };
		A99889A316C1FADB002C924F /* NOCPerlinWalker.h */ = {isa = PBXFileReference; fileEncoding = 4; lastKnownFileType = sourcecode.c.h; name = NOCPerlinWalker.h; path = "Nature of Code/Week 1/NOCPerlinWalker.h"; sourceTree = SOURCE_ROOT; };
		A99889A416C1FADB002C924F /* NOCPerlinWalker.m */ = {isa = PBXFileReference; fileEncoding = 4; lastKnownFileType = sourcecode.c.objc; name = NOCPerlinWalker.m; path = "Nature of Code/Week 1/NOCPerlinWalker.m"; sourceTree = SOURCE_ROOT; };
		A99889A516C1FADB002C924F /* NOCPerlinWalkerSketchViewController.h */ = {isa = PBXFileReference; fileEncoding = 4; lastKnownFileType = sourcecode.c.h; name = NOCPerlinWalkerSketchViewController.h; path = "Nature of Code/Week 1/NOCPerlinWalkerSketchViewController.h"; sourceTree = SOURCE_ROOT; };
		A99889A616C1FADB002C924F /* NOCPerlinWalkerSketchViewController.m */ = {isa = PBXFileReference; fileEncoding = 4; lastKnownFileType = sourcecode.c.objc; name = NOCPerlinWalkerSketchViewController.m; path = "Nature of Code/Week 1/NOCPerlinWalkerSketchViewController.m"; sourceTree = SOURCE_ROOT; };
		A99889A716C1FADB002C924F /* NOCRandomWalker.h */ = {isa = PBXFileReference; fileEncoding = 4; lastKnownFileType = sourcecode.c.h; name = NOCRandomWalker.h; path = "Nature of Code/Week 1/NOCRandomWalker.h"; sourceTree = SOURCE_ROOT; };
		A99889A816C1FADB002C924F /* NOCRandomWalker.m */ = {isa = PBXFileReference; fileEncoding = 4; lastKnownFileType = sourcecode.c.objc; name = NOCRandomWalker.m; path = "Nature of Code/Week 1/NOCRandomWalker.m"; sourceTree = SOURCE_ROOT; };
		A99889A916C1FADB002C924F /* NOCRandomWalkerSketchViewController.h */ = {isa = PBXFileReference; fileEncoding = 4; lastKnownFileType = sourcecode.c.h; name = NOCRandomWalkerSketchViewController.h; path = "Nature of Code/Week 1/NOCRandomWalkerSketchViewController.h"; sourceTree = SOURCE_ROOT; };
		A99889AA16C1FADB002C924F /* NOCRandomWalkerSketchViewController.m */ = {isa = PBXFileReference; fileEncoding = 4; lastKnownFileType = sourcecode.c.objc; name = NOCRandomWalkerSketchViewController.m; path = "Nature of Code/Week 1/NOCRandomWalkerSketchViewController.m"; sourceTree = SOURCE_ROOT; };
		A99889AB16C1FADB002C924F /* NOCWalker.h */ = {isa = PBXFileReference; fileEncoding = 4; lastKnownFileType = sourcecode.c.h; name = NOCWalker.h; path = "Nature of Code/Week 1/NOCWalker.h"; sourceTree = SOURCE_ROOT; };
		A99889AC16C1FADB002C924F /* NOCWalker.m */ = {isa = PBXFileReference; fileEncoding = 4; lastKnownFileType = sourcecode.c.objc; name = NOCWalker.m; path = "Nature of Code/Week 1/NOCWalker.m"; sourceTree = SOURCE_ROOT; };
		A99889BC16C1FB09002C924F /* NOC2DSketchViewController.h */ = {isa = PBXFileReference; fileEncoding = 4; lastKnownFileType = sourcecode.c.h; name = NOC2DSketchViewController.h; path = Shared/NOC2DSketchViewController.h; sourceTree = "<group>"; };
		A99889BD16C1FB09002C924F /* NOC2DSketchViewController.m */ = {isa = PBXFileReference; fileEncoding = 4; lastKnownFileType = sourcecode.c.objc; name = NOC2DSketchViewController.m; path = Shared/NOC2DSketchViewController.m; sourceTree = "<group>"; };
		A99889BF16C2AA88002C924F /* NOCSketchDescriptionView.xib */ = {isa = PBXFileReference; fileEncoding = 4; lastKnownFileType = file.xib; path = NOCSketchDescriptionView.xib; sourceTree = "<group>"; };
		A9BC922816CBE54A009AD45C /* NOCParticle3D.h */ = {isa = PBXFileReference; fileEncoding = 4; lastKnownFileType = sourcecode.c.h; path = NOCParticle3D.h; sourceTree = "<group>"; };
		A9BC922916CBE54A009AD45C /* NOCParticle3D.m */ = {isa = PBXFileReference; fileEncoding = 4; lastKnownFileType = sourcecode.c.objc; path = NOCParticle3D.m; sourceTree = "<group>"; };
		A9BC922B16CBE780009AD45C /* NOCMovers3DSketchViewController.h */ = {isa = PBXFileReference; fileEncoding = 4; lastKnownFileType = sourcecode.c.h; name = NOCMovers3DSketchViewController.h; path = "Nature of Code/Week 2/NOCMovers3DSketchViewController.h"; sourceTree = SOURCE_ROOT; };
		A9BC922C16CBE781009AD45C /* NOCMovers3DSketchViewController.m */ = {isa = PBXFileReference; fileEncoding = 4; lastKnownFileType = sourcecode.c.objc; name = NOCMovers3DSketchViewController.m; path = "Nature of Code/Week 2/NOCMovers3DSketchViewController.m"; sourceTree = SOURCE_ROOT; };
		A9BC923116CBEE36009AD45C /* NOC3DSketchViewController.h */ = {isa = PBXFileReference; fileEncoding = 4; lastKnownFileType = sourcecode.c.h; name = NOC3DSketchViewController.h; path = Shared/NOC3DSketchViewController.h; sourceTree = "<group>"; };
		A9BC923216CBEE36009AD45C /* NOC3DSketchViewController.m */ = {isa = PBXFileReference; fileEncoding = 4; lastKnownFileType = sourcecode.c.objc; name = NOC3DSketchViewController.m; path = Shared/NOC3DSketchViewController.m; sourceTree = "<group>"; };
		A9BC923416CBF481009AD45C /* NOCGuiMover3D.xib */ = {isa = PBXFileReference; fileEncoding = 4; lastKnownFileType = file.xib; name = NOCGuiMover3D.xib; path = "Nature of Code/Week 2/NOCGuiMover3D.xib"; sourceTree = SOURCE_ROOT; };
		A9BC923D16CC10DE009AD45C /* thumb_Movers3D.png */ = {isa = PBXFileReference; lastKnownFileType = image.png; path = thumb_Movers3D.png; sourceTree = "<group>"; };
		A9BC923E16CC10DE009AD45C /* thumb_Movers3D@2x.png */ = {isa = PBXFileReference; lastKnownFileType = image.png; path = "thumb_Movers3D@2x.png"; sourceTree = "<group>"; };
		A9D1AE7916B99A77000BE623 /* Nature of Code.app */ = {isa = PBXFileReference; explicitFileType = wrapper.application; includeInIndex = 0; path = "Nature of Code.app"; sourceTree = BUILT_PRODUCTS_DIR; };
		A9D1AE7D16B99A77000BE623 /* UIKit.framework */ = {isa = PBXFileReference; lastKnownFileType = wrapper.framework; name = UIKit.framework; path = System/Library/Frameworks/UIKit.framework; sourceTree = SDKROOT; };
		A9D1AE7F16B99A77000BE623 /* Foundation.framework */ = {isa = PBXFileReference; lastKnownFileType = wrapper.framework; name = Foundation.framework; path = System/Library/Frameworks/Foundation.framework; sourceTree = SDKROOT; };
		A9D1AE8116B99A77000BE623 /* CoreGraphics.framework */ = {isa = PBXFileReference; lastKnownFileType = wrapper.framework; name = CoreGraphics.framework; path = System/Library/Frameworks/CoreGraphics.framework; sourceTree = SDKROOT; };
		A9D1AE8316B99A77000BE623 /* GLKit.framework */ = {isa = PBXFileReference; lastKnownFileType = wrapper.framework; name = GLKit.framework; path = System/Library/Frameworks/GLKit.framework; sourceTree = SDKROOT; };
		A9D1AE8516B99A77000BE623 /* OpenGLES.framework */ = {isa = PBXFileReference; lastKnownFileType = wrapper.framework; name = OpenGLES.framework; path = System/Library/Frameworks/OpenGLES.framework; sourceTree = SDKROOT; };
		A9D1AE8916B99A77000BE623 /* Nature of Code-Info.plist */ = {isa = PBXFileReference; lastKnownFileType = text.plist.xml; path = "Nature of Code-Info.plist"; sourceTree = "<group>"; };
		A9D1AE8B16B99A77000BE623 /* en */ = {isa = PBXFileReference; lastKnownFileType = text.plist.strings; name = en; path = en.lproj/InfoPlist.strings; sourceTree = "<group>"; };
		A9D1AE8D16B99A77000BE623 /* main.m */ = {isa = PBXFileReference; lastKnownFileType = sourcecode.c.objc; path = main.m; sourceTree = "<group>"; };
		A9D1AE8F16B99A77000BE623 /* Nature of Code-Prefix.pch */ = {isa = PBXFileReference; lastKnownFileType = sourcecode.c.h; path = "Nature of Code-Prefix.pch"; sourceTree = "<group>"; };
		A9D1AE9016B99A77000BE623 /* NOCAppDelegate.h */ = {isa = PBXFileReference; lastKnownFileType = sourcecode.c.h; path = NOCAppDelegate.h; sourceTree = "<group>"; };
		A9D1AE9116B99A77000BE623 /* NOCAppDelegate.m */ = {isa = PBXFileReference; lastKnownFileType = sourcecode.c.objc; path = NOCAppDelegate.m; sourceTree = "<group>"; };
		A9D1AE9D16B99A77000BE623 /* NOCSketchViewController.h */ = {isa = PBXFileReference; lastKnownFileType = sourcecode.c.h; path = NOCSketchViewController.h; sourceTree = "<group>"; };
		A9D1AE9E16B99A78000BE623 /* NOCSketchViewController.m */ = {isa = PBXFileReference; lastKnownFileType = sourcecode.c.objc; path = NOCSketchViewController.m; sourceTree = "<group>"; };
		A9D1AEA116B99A78000BE623 /* en */ = {isa = PBXFileReference; lastKnownFileType = file.xib; name = en; path = "en.lproj/NOCSketchViewController~iphone.xib"; sourceTree = "<group>"; };
		A9D1AEA416B99A78000BE623 /* en */ = {isa = PBXFileReference; lastKnownFileType = file.xib; name = en; path = "en.lproj/NOCSketchViewController~ipad.xib"; sourceTree = "<group>"; };
		A9D1AEAC16B99E68000BE623 /* Icon1024.png */ = {isa = PBXFileReference; lastKnownFileType = image.png; path = Icon1024.png; sourceTree = "<group>"; };
		A9D1AEAD16B99E68000BE623 /* Icon512.png */ = {isa = PBXFileReference; lastKnownFileType = image.png; path = Icon512.png; sourceTree = "<group>"; };
		A9D1AEAE16B99E68000BE623 /* Icon@2x~ipad.png */ = {isa = PBXFileReference; lastKnownFileType = image.png; path = "Icon@2x~ipad.png"; sourceTree = "<group>"; };
		A9D1AEAF16B99E68000BE623 /* Icon@2x~iphone.png */ = {isa = PBXFileReference; lastKnownFileType = image.png; path = "Icon@2x~iphone.png"; sourceTree = "<group>"; };
		A9D1AEB016B99E68000BE623 /* Icon~ipad.png */ = {isa = PBXFileReference; lastKnownFileType = image.png; path = "Icon~ipad.png"; sourceTree = "<group>"; };
		A9D1AEB116B99E68000BE623 /* Icon~iphone.png */ = {isa = PBXFileReference; lastKnownFileType = image.png; path = "Icon~iphone.png"; sourceTree = "<group>"; };
		A9D1AEB816B9A111000BE623 /* NOCTableOfContentsViewController.h */ = {isa = PBXFileReference; fileEncoding = 4; lastKnownFileType = sourcecode.c.h; path = NOCTableOfContentsViewController.h; sourceTree = "<group>"; };
		A9D1AEB916B9A111000BE623 /* NOCTableOfContentsViewController.m */ = {isa = PBXFileReference; fileEncoding = 4; lastKnownFileType = sourcecode.c.objc; path = NOCTableOfContentsViewController.m; sourceTree = "<group>"; };
		A9D1AEC116B9A288000BE623 /* TableOfContents.plist */ = {isa = PBXFileReference; fileEncoding = 4; lastKnownFileType = text.plist.xml; path = TableOfContents.plist; sourceTree = "<group>"; };
		A9D1AEC316B9A77D000BE623 /* NOCTableOfContentsCell.h */ = {isa = PBXFileReference; fileEncoding = 4; lastKnownFileType = sourcecode.c.h; path = NOCTableOfContentsCell.h; sourceTree = "<group>"; };
		A9D1AEC416B9A77D000BE623 /* NOCTableOfContentsCell.m */ = {isa = PBXFileReference; fileEncoding = 4; lastKnownFileType = sourcecode.c.objc; path = NOCTableOfContentsCell.m; sourceTree = "<group>"; };
		A9D1AEC616B9A7B1000BE623 /* NOCChapter.h */ = {isa = PBXFileReference; fileEncoding = 4; lastKnownFileType = sourcecode.c.h; name = NOCChapter.h; path = "Nature of Code/NOCChapter.h"; sourceTree = "<group>"; };
		A9D1AEC716B9A7B1000BE623 /* NOCChapter.m */ = {isa = PBXFileReference; fileEncoding = 4; lastKnownFileType = sourcecode.c.objc; name = NOCChapter.m; path = "Nature of Code/NOCChapter.m"; sourceTree = "<group>"; };
		A9D1AEC916B9A806000BE623 /* NOCSketch.h */ = {isa = PBXFileReference; fileEncoding = 4; lastKnownFileType = sourcecode.c.h; name = NOCSketch.h; path = "Nature of Code/NOCSketch.h"; sourceTree = "<group>"; };
		A9D1AECA16B9A806000BE623 /* NOCSketch.m */ = {isa = PBXFileReference; fileEncoding = 4; lastKnownFileType = sourcecode.c.objc; name = NOCSketch.m; path = "Nature of Code/NOCSketch.m"; sourceTree = "<group>"; };
		A9D1AECC16B9A850000BE623 /* NOCGlobals.h */ = {isa = PBXFileReference; lastKnownFileType = sourcecode.c.h; path = NOCGlobals.h; sourceTree = "<group>"; };
		A9D7CB5016C1E86E00BD5331 /* Default-Landscape@2x~ipad.png */ = {isa = PBXFileReference; lastKnownFileType = image.png; path = "Default-Landscape@2x~ipad.png"; sourceTree = "<group>"; };
		A9D7CB5116C1E86E00BD5331 /* Default-Landscape@2x~iphone.png */ = {isa = PBXFileReference; lastKnownFileType = image.png; path = "Default-Landscape@2x~iphone.png"; sourceTree = "<group>"; };
		A9D7CB5216C1E86E00BD5331 /* Default-Landscape~ipad.png */ = {isa = PBXFileReference; lastKnownFileType = image.png; path = "Default-Landscape~ipad.png"; sourceTree = "<group>"; };
		A9D7CB5316C1E86E00BD5331 /* Default-Landscape~iphone.png */ = {isa = PBXFileReference; lastKnownFileType = image.png; path = "Default-Landscape~iphone.png"; sourceTree = "<group>"; };
		A9D7CB5416C1E86E00BD5331 /* Default-Portrait@2x~ipad.png */ = {isa = PBXFileReference; lastKnownFileType = image.png; path = "Default-Portrait@2x~ipad.png"; sourceTree = "<group>"; };
		A9D7CB5516C1E86E00BD5331 /* Default-Portrait~ipad.png */ = {isa = PBXFileReference; lastKnownFileType = image.png; path = "Default-Portrait~ipad.png"; sourceTree = "<group>"; };
		A9F6CB7116D1BD5D00F4BDF9 /* thumb_WaveAddition.png */ = {isa = PBXFileReference; lastKnownFileType = image.png; path = thumb_WaveAddition.png; sourceTree = "<group>"; };
		A9F6CB7216D1BD5D00F4BDF9 /* thumb_WaveAddition@2x.png */ = {isa = PBXFileReference; lastKnownFileType = image.png; path = "thumb_WaveAddition@2x.png"; sourceTree = "<group>"; };
		A9F6CB7316D1BD5D00F4BDF9 /* thumb_WaveMatrix.png */ = {isa = PBXFileReference; lastKnownFileType = image.png; path = thumb_WaveMatrix.png; sourceTree = "<group>"; };
		A9F6CB7416D1BD5D00F4BDF9 /* thumb_WaveMatrix@2x.png */ = {isa = PBXFileReference; lastKnownFileType = image.png; path = "thumb_WaveMatrix@2x.png"; sourceTree = "<group>"; };
		A9F6CB7516D1BD5D00F4BDF9 /* thumb_WaveTap.png */ = {isa = PBXFileReference; lastKnownFileType = image.png; path = thumb_WaveTap.png; sourceTree = "<group>"; };
		A9F6CB7616D1BD5D00F4BDF9 /* thumb_WaveTap@2x.png */ = {isa = PBXFileReference; lastKnownFileType = image.png; path = "thumb_WaveTap@2x.png"; sourceTree = "<group>"; };
		A9F78AD016D913A900073D16 /* NOCParticleSystemSketchViewController.h */ = {isa = PBXFileReference; fileEncoding = 4; lastKnownFileType = sourcecode.c.h; name = NOCParticleSystemSketchViewController.h; path = "Week 4/NOCParticleSystemSketchViewController.h"; sourceTree = "<group>"; };
		A9F78AD116D913A900073D16 /* NOCParticleSystemSketchViewController.m */ = {isa = PBXFileReference; fileEncoding = 4; lastKnownFileType = sourcecode.c.objc; name = NOCParticleSystemSketchViewController.m; path = "Week 4/NOCParticleSystemSketchViewController.m"; sourceTree = "<group>"; };
		A9F78AD316D913F200073D16 /* FlameParticle.fsh */ = {isa = PBXFileReference; fileEncoding = 4; lastKnownFileType = sourcecode.glsl; path = FlameParticle.fsh; sourceTree = "<group>"; };
		A9F78AD416D913F200073D16 /* FlameParticle.vsh */ = {isa = PBXFileReference; fileEncoding = 4; lastKnownFileType = sourcecode.glsl; path = FlameParticle.vsh; sourceTree = "<group>"; };
		A9F78AD716D9180400073D16 /* flame_blue.png */ = {isa = PBXFileReference; lastKnownFileType = image.png; path = flame_blue.png; sourceTree = "<group>"; };
		A9F78AD816D9180400073D16 /* flame_green.png */ = {isa = PBXFileReference; lastKnownFileType = image.png; path = flame_green.png; sourceTree = "<group>"; };
		A9F78AD916D9180400073D16 /* flame_magenta.png */ = {isa = PBXFileReference; lastKnownFileType = image.png; path = flame_magenta.png; sourceTree = "<group>"; };
		A9F78ADA16D9180400073D16 /* flame_red.png */ = {isa = PBXFileReference; lastKnownFileType = image.png; path = flame_red.png; sourceTree = "<group>"; };
		A9F78ADF16D9203B00073D16 /* NOCGuiParticleSystem.xib */ = {isa = PBXFileReference; fileEncoding = 4; lastKnownFileType = file.xib; name = NOCGuiParticleSystem.xib; path = "Week 4/NOCGuiParticleSystem.xib"; sourceTree = "<group>"; };
		A9F78AE116D9237B00073D16 /* NOCParticleSystem.h */ = {isa = PBXFileReference; fileEncoding = 4; lastKnownFileType = sourcecode.c.h; path = NOCParticleSystem.h; sourceTree = "<group>"; };
		A9F78AE216D9237B00073D16 /* NOCParticleSystem.m */ = {isa = PBXFileReference; fileEncoding = 4; lastKnownFileType = sourcecode.c.objc; path = NOCParticleSystem.m; sourceTree = "<group>"; };
		A9F78AE416D9243C00073D16 /* NOCParticle.h */ = {isa = PBXFileReference; lastKnownFileType = sourcecode.c.h; path = NOCParticle.h; sourceTree = "<group>"; };
		A9F78AE616D926DE00073D16 /* NOCParticle.m */ = {isa = PBXFileReference; fileEncoding = 4; lastKnownFileType = sourcecode.c.objc; path = NOCParticle.m; sourceTree = "<group>"; };
		A9F78AEB16D949F500073D16 /* NOCPaperBurnSketchViewController.h */ = {isa = PBXFileReference; fileEncoding = 4; lastKnownFileType = sourcecode.c.h; name = NOCPaperBurnSketchViewController.h; path = "Week 4/NOCPaperBurnSketchViewController.h"; sourceTree = "<group>"; };
		A9F78AEC16D949F500073D16 /* NOCPaperBurnSketchViewController.m */ = {isa = PBXFileReference; fileEncoding = 4; lastKnownFileType = sourcecode.c.objc; name = NOCPaperBurnSketchViewController.m; path = "Week 4/NOCPaperBurnSketchViewController.m"; sourceTree = "<group>"; };
		A9F78AEE16D94C8300073D16 /* NOCCubeMover.h */ = {isa = PBXFileReference; fileEncoding = 4; lastKnownFileType = sourcecode.c.h; path = NOCCubeMover.h; sourceTree = "<group>"; };
		A9F78AEF16D94C8300073D16 /* NOCCubeMover.m */ = {isa = PBXFileReference; fileEncoding = 4; lastKnownFileType = sourcecode.c.objc; path = NOCCubeMover.m; sourceTree = "<group>"; };
		A9F78AF116D94C9600073D16 /* NOCFlameParticle.h */ = {isa = PBXFileReference; fileEncoding = 4; lastKnownFileType = sourcecode.c.h; name = NOCFlameParticle.h; path = "Week 4/NOCFlameParticle.h"; sourceTree = "<group>"; };
		A9F78AF216D94C9700073D16 /* NOCFlameParticle.m */ = {isa = PBXFileReference; fileEncoding = 4; lastKnownFileType = sourcecode.c.objc; name = NOCFlameParticle.m; path = "Week 4/NOCFlameParticle.m"; sourceTree = "<group>"; };
		A9F78AF416D9522D00073D16 /* NOCFlame.h */ = {isa = PBXFileReference; fileEncoding = 4; lastKnownFileType = sourcecode.c.h; name = NOCFlame.h; path = "Week 4/NOCFlame.h"; sourceTree = "<group>"; };
		A9F78AF516D9522D00073D16 /* NOCFlame.m */ = {isa = PBXFileReference; fileEncoding = 4; lastKnownFileType = sourcecode.c.objc; name = NOCFlame.m; path = "Week 4/NOCFlame.m"; sourceTree = "<group>"; };
		A9F78AF716D9780800073D16 /* NOCFrameBuffer.h */ = {isa = PBXFileReference; fileEncoding = 4; lastKnownFileType = sourcecode.c.h; path = NOCFrameBuffer.h; sourceTree = "<group>"; };
		A9F78AF816D9780800073D16 /* NOCFrameBuffer.m */ = {isa = PBXFileReference; fileEncoding = 4; lastKnownFileType = sourcecode.c.objc; path = NOCFrameBuffer.m; sourceTree = "<group>"; };
		A9F78AFA16D97F9B00073D16 /* Paper.fsh */ = {isa = PBXFileReference; fileEncoding = 4; lastKnownFileType = sourcecode.glsl; path = Paper.fsh; sourceTree = "<group>"; xcLanguageSpecificationIdentifier = xcode.lang.glsl; };
		A9F78AFB16D97F9C00073D16 /* Paper.vsh */ = {isa = PBXFileReference; fileEncoding = 4; lastKnownFileType = sourcecode.glsl; path = Paper.vsh; sourceTree = "<group>"; };
/* End PBXFileReference section */

/* Begin PBXFrameworksBuildPhase section */
		A9D1AE7616B99A77000BE623 /* Frameworks */ = {
			isa = PBXFrameworksBuildPhase;
			buildActionMask = 2147483647;
			files = (
				A987362316BF443D001D74E8 /* QuartzCore.framework in Frameworks */,
				A987361016BDF37E001D74E8 /* CoreMotion.framework in Frameworks */,
				A9D1AE7E16B99A77000BE623 /* UIKit.framework in Frameworks */,
				A9D1AE8016B99A77000BE623 /* Foundation.framework in Frameworks */,
				A9D1AE8216B99A77000BE623 /* CoreGraphics.framework in Frameworks */,
				A9D1AE8416B99A77000BE623 /* GLKit.framework in Frameworks */,
				A9D1AE8616B99A77000BE623 /* OpenGLES.framework in Frameworks */,
			);
			runOnlyForDeploymentPostprocessing = 0;
		};
/* End PBXFrameworksBuildPhase section */

/* Begin PBXGroup section */
		A920CEB416C0373D00284EAF /* thumbnails */ = {
			isa = PBXGroup;
			children = (
				A9077A3816CB4ECE008032C7 /* thumb_AccelMover.png */,
				A9077A3916CB4ECF008032C7 /* thumb_AccelMover@2x.png */,
				A920CEB516C0373D00284EAF /* thumb_DirectedWalker.png */,
				A920CEB616C0373D00284EAF /* thumb_DirectedWalker@2x.png */,
				A9BC923D16CC10DE009AD45C /* thumb_Movers3D.png */,
				A9BC923E16CC10DE009AD45C /* thumb_Movers3D@2x.png */,
				A9077A3A16CB4ECF008032C7 /* thumb_MultiMover.png */,
				A9077A3B16CB4ECF008032C7 /* thumb_MultiMover@2x.png */,
				A936F0A716DDA73B00A6EBD8 /* thumb_PaperBurn.png */,
				A936F0A816DDA73B00A6EBD8 /* thumb_PaperBurn@2x.png */,
				A936F0A916DDA73B00A6EBD8 /* thumb_ParticleSystem.png */,
				A936F0AA16DDA73B00A6EBD8 /* thumb_ParticleSystem@2x.png */,
				A920CEB716C0373D00284EAF /* thumb_PerlinWalker.png */,
				A920CEB816C0373D00284EAF /* thumb_PerlinWalker@2x.png */,
				A920CEB916C0373D00284EAF /* thumb_RandomWalker.png */,
				A920CEBA16C0373D00284EAF /* thumb_RandomWalker@2x.png */,
				A9F6CB7116D1BD5D00F4BDF9 /* thumb_WaveAddition.png */,
				A9F6CB7216D1BD5D00F4BDF9 /* thumb_WaveAddition@2x.png */,
				A9F6CB7316D1BD5D00F4BDF9 /* thumb_WaveMatrix.png */,
				A9F6CB7416D1BD5D00F4BDF9 /* thumb_WaveMatrix@2x.png */,
				A9F6CB7516D1BD5D00F4BDF9 /* thumb_WaveTap.png */,
				A9F6CB7616D1BD5D00F4BDF9 /* thumb_WaveTap@2x.png */,
			);
			path = thumbnails;
			sourceTree = "<group>";
		};
		A936F0AF16DE7FBA00A6EBD8 /* Week 5 */ = {
			isa = PBXGroup;
			children = (
				A936F0B016DE7FD900A6EBD8 /* NOCTriangulationSketchViewController.h */,
				A936F0B116DE7FD900A6EBD8 /* NOCTriangulationSketchViewController.m */,
			);
			path = "Week 5";
			sourceTree = "<group>";
		};
		A936F0B316DE801900A6EBD8 /* Libraries */ = {
			isa = PBXGroup;
			children = (
				A936F0B416DE802E00A6EBD8 /* Edgy */,
			);
			name = Libraries;
			sourceTree = "<group>";
		};
		A936F0B416DE802E00A6EBD8 /* Edgy */ = {
			isa = PBXGroup;
			children = (
				A936F0B516DE802E00A6EBD8 /* DelaunayEdge.h */,
				A936F0B616DE802E00A6EBD8 /* DelaunayEdge.m */,
				A936F0B716DE802E00A6EBD8 /* DelaunayPoint.h */,
				A936F0B816DE802E00A6EBD8 /* DelaunayPoint.m */,
				A936F0B916DE802E00A6EBD8 /* DelaunayTriangle.h */,
				A936F0BA16DE802E00A6EBD8 /* DelaunayTriangle.m */,
				A936F0BB16DE802E00A6EBD8 /* DelaunayTriangulation.h */,
				A936F0BC16DE802E00A6EBD8 /* DelaunayTriangulation.m */,
				A936F0BE16DE802E00A6EBD8 /* VoronoiCell.h */,
				A936F0BF16DE802E00A6EBD8 /* VoronoiCell.m */,
				A936F0C516DE872D00A6EBD8 /* Edgy.h */,
			);
			path = Edgy;
			sourceTree = "<group>";
		};
		A95A5A5E16C2E7AC0001D07D /* sketches */ = {
			isa = PBXGroup;
			children = (
				A95C703F16D034660058D8BA /* brushed_sphere.png */,
				A95C704016D034660058D8BA /* dark_sphere.png */,
				A9F78AD716D9180400073D16 /* flame_blue.png */,
				A9F78AD816D9180400073D16 /* flame_green.png */,
				A9F78AD916D9180400073D16 /* flame_magenta.png */,
				A9F78ADA16D9180400073D16 /* flame_red.png */,
				A95A5A5F16C2E7AC0001D07D /* mover.png */,
				A95C704116D034660058D8BA /* shiny_sphere.png */,
			);
			path = sketches;
			sourceTree = "<group>";
		};
		A95C702616D031C40058D8BA /* Shaders */ = {
			isa = PBXGroup;
			children = (
				A9F78AD316D913F200073D16 /* FlameParticle.fsh */,
				A9F78AD416D913F200073D16 /* FlameParticle.vsh */,
				A95C702716D031C40058D8BA /* Mover.fsh */,
				A95C702816D031C40058D8BA /* Mover.vsh */,
				A95C705416D1812D0058D8BA /* MoverDepthShading.fsh */,
				A95C705616D181380058D8BA /* MoverDepthShading.vsh */,
				A95C705816D189C00058D8BA /* MoverTapMatrix.fsh */,
				A95C705A16D189C90058D8BA /* MoverTapMatrix.vsh */,
				A9F78AFA16D97F9B00073D16 /* Paper.fsh */,
				A9F78AFB16D97F9C00073D16 /* Paper.vsh */,
				A95C702916D031C40058D8BA /* RandomWalker.fsh */,
				A95C702A16D031C40058D8BA /* RandomWalker.vsh */,
				A95C703516D032460058D8BA /* SampleShader.fsh */,
				A95C703616D032460058D8BA /* SampleShader.vsh */,
				A95C702B16D031C40058D8BA /* SceneBox.fsh */,
				A95C702C16D031C40058D8BA /* SceneBox.vsh */,
				A95C703316D032460058D8BA /* Texture.fsh */,
				A95C703416D032460058D8BA /* Texture.vsh */,
				A936F0C616DE9D1200A6EBD8 /* Triangulation.fsh */,
				A936F0C716DE9D1200A6EBD8 /* Triangulation.vsh */,
			);
			path = Shaders;
			sourceTree = "<group>";
		};
		A95C703B16D032DC0058D8BA /* Week 3 */ = {
			isa = PBXGroup;
			children = (
				A9F78AEE16D94C8300073D16 /* NOCCubeMover.h */,
				A9F78AEF16D94C8300073D16 /* NOCCubeMover.m */,
				A95C704B16D05F500058D8BA /* NOCTapWave.h */,
				A95C704C16D05F500058D8BA /* NOCTapWave.m */,
				A95C704516D047760058D8BA /* NOCWaveAdditionSketchViewController.h */,
				A95C704616D047760058D8BA /* NOCWaveAdditionSketchViewController.m */,
				A95C704E16D139210058D8BA /* NOCWaveMatrixSketchViewController.h */,
				A95C704F16D139210058D8BA /* NOCWaveMatrixSketchViewController.m */,
				A95C703C16D032F90058D8BA /* NOCWaveOscillationSketchViewController.h */,
				A95C703D16D032F90058D8BA /* NOCWaveOscillationSketchViewController.m */,
				A95C704816D05E560058D8BA /* NOCWaveTapSketchViewController.h */,
				A95C704916D05E560058D8BA /* NOCWaveTapSketchViewController.m */,
			);
			path = "Week 3";
			sourceTree = "<group>";
		};
		A95C8FEF16BD6E41003C8F5B /* Chapters / Weeks */ = {
			isa = PBXGroup;
			children = (
				A95C900316BD7351003C8F5B /* Sample */,
				A95C900016BD7351003C8F5B /* Week 1 */,
				A95C900116BD7351003C8F5B /* Week 2 */,
				A95C703B16D032DC0058D8BA /* Week 3 */,
				A9F78ACF16D9138600073D16 /* Week 4 */,
				A936F0AF16DE7FBA00A6EBD8 /* Week 5 */,
			);
			name = "Chapters / Weeks";
			sourceTree = "<group>";
		};
		A95C900016BD7351003C8F5B /* Week 1 */ = {
			isa = PBXGroup;
			children = (
				A998899C16C1FADB002C924F /* NOCDirectedWalker.h */,
				A998899D16C1FADB002C924F /* NOCDirectedWalker.m */,
				A998899E16C1FADB002C924F /* NOCDirectedWalkerSketchViewController.h */,
				A998899F16C1FADB002C924F /* NOCDirectedWalkerSketchViewController.m */,
				A99889A016C1FADB002C924F /* NOCGuiDirectedWalker.xib */,
				A99889A116C1FADB002C924F /* NOCGuiPerlinWalker.xib */,
				A99889A216C1FADB002C924F /* NOCGuiRandomWalker.xib */,
				A99889A316C1FADB002C924F /* NOCPerlinWalker.h */,
				A99889A416C1FADB002C924F /* NOCPerlinWalker.m */,
				A99889A516C1FADB002C924F /* NOCPerlinWalkerSketchViewController.h */,
				A99889A616C1FADB002C924F /* NOCPerlinWalkerSketchViewController.m */,
				A99889A716C1FADB002C924F /* NOCRandomWalker.h */,
				A99889A816C1FADB002C924F /* NOCRandomWalker.m */,
				A99889A916C1FADB002C924F /* NOCRandomWalkerSketchViewController.h */,
				A99889AA16C1FADB002C924F /* NOCRandomWalkerSketchViewController.m */,
				A99889AB16C1FADB002C924F /* NOCWalker.h */,
				A99889AC16C1FADB002C924F /* NOCWalker.m */,
			);
			name = "Week 1";
			path = "Chapter 1";
			sourceTree = "<group>";
		};
		A95C900116BD7351003C8F5B /* Week 2 */ = {
			isa = PBXGroup;
			children = (
				A95A5A4E16C2D8970001D07D /* NOCAccelMoverSketchViewController.h */,
				A95A5A4F16C2D8970001D07D /* NOCAccelMoverSketchViewController.m */,
				A95A5A5516C2D8C60001D07D /* NOCGuiAccelMover.xib */,
				A9BC923416CBF481009AD45C /* NOCGuiMover3D.xib */,
				A975327416C42CCE004CFE43 /* NOCGuiMultiMover.xib */,
				A9BC922B16CBE780009AD45C /* NOCMovers3DSketchViewController.h */,
				A9BC922C16CBE781009AD45C /* NOCMovers3DSketchViewController.m */,
				A975327016C42044004CFE43 /* NOCMultiMoverSketchViewController.h */,
				A975327116C42044004CFE43 /* NOCMultiMoverSketchViewController.m */,
			);
			name = "Week 2";
			path = "Chapter 2";
			sourceTree = "<group>";
		};
		A95C900316BD7351003C8F5B /* Sample */ = {
			isa = PBXGroup;
			children = (
				A987362716BF5142001D74E8 /* Template */,
				A95C900416BD7351003C8F5B /* NOCSampleSketchViewController.h */,
				A95C900516BD7351003C8F5B /* NOCSampleSketchViewController.m */,
			);
			path = Sample;
			sourceTree = "<group>";
		};
		A95C900816BD7351003C8F5B /* Shared */ = {
			isa = PBXGroup;
			children = (
				A9F78AF716D9780800073D16 /* NOCFrameBuffer.h */,
				A9F78AF816D9780800073D16 /* NOCFrameBuffer.m */,
				A95C701D16D0318E0058D8BA /* NOCMover2D.h */,
				A95C701E16D0318E0058D8BA /* NOCMover2D.m */,
				A95C701F16D0318E0058D8BA /* NOCMover3D.h */,
				A95C702016D0318E0058D8BA /* NOCMover3D.m */,
				A9F78AE416D9243C00073D16 /* NOCParticle.h */,
				A9F78AE616D926DE00073D16 /* NOCParticle.m */,
				A95A5A5B16C2DABC0001D07D /* NOCParticle2D.h */,
				A95A5A5C16C2DABC0001D07D /* NOCParticle2D.m */,
				A9BC922816CBE54A009AD45C /* NOCParticle3D.h */,
				A9BC922916CBE54A009AD45C /* NOCParticle3D.m */,
				A9F78AE116D9237B00073D16 /* NOCParticleSystem.h */,
				A9F78AE216D9237B00073D16 /* NOCParticleSystem.m */,
				A9077A3716CB26C2008032C7 /* NOCPositionedMass.h */,
				A95C702116D0318E0058D8BA /* NOCSceneBox.h */,
				A95C702216D0318E0058D8BA /* NOCSceneBox.m */,
				A95C900916BD7351003C8F5B /* NOCShaderProgram.h */,
				A95C900A16BD7351003C8F5B /* NOCShaderProgram.m */,
				A95C705116D141B80058D8BA /* NOCSpring3D.h */,
				A95C705216D141B80058D8BA /* NOCSpring3D.m */,
			);
			path = Shared;
			sourceTree = "<group>";
		};
		A987361616BE04FD001D74E8 /* Helpers */ = {
			isa = PBXGroup;
			children = (
				A95C901E16BD81FA003C8F5B /* NOCOpenGLHelpers.h */,
				A987361816BE052C001D74E8 /* NOCUIKitHelpers.h */,
				A987361916BE052C001D74E8 /* NOCUIKitHelpers.m */,
				A987362416BF511A001D74E8 /* CAEAGLLayer+Retained.h */,
				A987362516BF511A001D74E8 /* CAEAGLLayer+Retained.m */,
				A936F0CA16DEA02D00A6EBD8 /* DelaunayTriangulation+NOCHelpers.h */,
				A936F0CB16DEA02D00A6EBD8 /* DelaunayTriangulation+NOCHelpers.m */,
			);
			name = Helpers;
			sourceTree = "<group>";
		};
		A987362716BF5142001D74E8 /* Template */ = {
			isa = PBXGroup;
			children = (
				A95C901616BD7EBB003C8F5B /* NOCTemplateSketchViewController.h */,
				A95C901716BD7EBB003C8F5B /* NOCTemplateSketchViewController.m */,
			);
			name = Template;
			sourceTree = "<group>";
		};
		A987363C16C00879001D74E8 /* Math */ = {
			isa = PBXGroup;
			children = (
				A987364116C00BFF001D74E8 /* CGGeometry.h */,
				A987364216C00C00001D74E8 /* CGGeometry.m */,
				A95C902116BDA1EE003C8F5B /* NOCGeometryHelpers.h */,
				A987363D16C00885001D74E8 /* perlin.c */,
				A987364016C0093D001D74E8 /* perlin.h */,
			);
			name = Math;
			sourceTree = "<group>";
		};
		A9D1AE6E16B99A77000BE623 = {
			isa = PBXGroup;
			children = (
				A936F0B316DE801900A6EBD8 /* Libraries */,
				A9D1AEC016B9A275000BE623 /* Data */,
				A9D1AEAB16B99E68000BE623 /* Assets */,
				A9D1AE8716B99A77000BE623 /* Nature of Code */,
				A9D1AE7C16B99A77000BE623 /* Frameworks */,
				A9D1AE7A16B99A77000BE623 /* Products */,
			);
			sourceTree = "<group>";
		};
		A9D1AE7A16B99A77000BE623 /* Products */ = {
			isa = PBXGroup;
			children = (
				A9D1AE7916B99A77000BE623 /* Nature of Code.app */,
			);
			name = Products;
			sourceTree = "<group>";
		};
		A9D1AE7C16B99A77000BE623 /* Frameworks */ = {
			isa = PBXGroup;
			children = (
				A987362216BF443D001D74E8 /* QuartzCore.framework */,
				A987360F16BDF37E001D74E8 /* CoreMotion.framework */,
				A9D1AE7D16B99A77000BE623 /* UIKit.framework */,
				A9D1AE7F16B99A77000BE623 /* Foundation.framework */,
				A9D1AE8116B99A77000BE623 /* CoreGraphics.framework */,
				A9D1AE8316B99A77000BE623 /* GLKit.framework */,
				A9D1AE8516B99A77000BE623 /* OpenGLES.framework */,
			);
			name = Frameworks;
			sourceTree = "<group>";
		};
		A9D1AE8716B99A77000BE623 /* Nature of Code */ = {
			isa = PBXGroup;
			children = (
				A95C8FEF16BD6E41003C8F5B /* Chapters / Weeks */,
				A987361616BE04FD001D74E8 /* Helpers */,
				A987363C16C00879001D74E8 /* Math */,
				A9D1AE9016B99A77000BE623 /* NOCAppDelegate.h */,
				A9D1AE9116B99A77000BE623 /* NOCAppDelegate.m */,
				A95C702616D031C40058D8BA /* Shaders */,
				A95C900816BD7351003C8F5B /* Shared */,
				A9D1AE8816B99A77000BE623 /* Supporting Files */,
				A9D1AEBE16B9A1B3000BE623 /* View Controllers */,
				A9D1AEBF16B9A1B9000BE623 /* Views */,
			);
			path = "Nature of Code";
			sourceTree = "<group>";
		};
		A9D1AE8816B99A77000BE623 /* Supporting Files */ = {
			isa = PBXGroup;
			children = (
				A9D1AE8916B99A77000BE623 /* Nature of Code-Info.plist */,
				A9D1AE8A16B99A77000BE623 /* InfoPlist.strings */,
				A9D1AE8D16B99A77000BE623 /* main.m */,
				A9D1AE8F16B99A77000BE623 /* Nature of Code-Prefix.pch */,
				A9D1AECC16B9A850000BE623 /* NOCGlobals.h */,
			);
			name = "Supporting Files";
			sourceTree = "<group>";
		};
		A9D1AEAB16B99E68000BE623 /* Assets */ = {
			isa = PBXGroup;
			children = (
				A95C8FE916BD6E11003C8F5B /* Default-568h@2x.png */,
				A9D7CB5016C1E86E00BD5331 /* Default-Landscape@2x~ipad.png */,
				A9D7CB5116C1E86E00BD5331 /* Default-Landscape@2x~iphone.png */,
				A9D7CB5216C1E86E00BD5331 /* Default-Landscape~ipad.png */,
				A9D7CB5316C1E86E00BD5331 /* Default-Landscape~iphone.png */,
				A9D7CB5416C1E86E00BD5331 /* Default-Portrait@2x~ipad.png */,
				A9D7CB5516C1E86E00BD5331 /* Default-Portrait~ipad.png */,
				A95C8FEA16BD6E11003C8F5B /* Default.png */,
				A95C8FEB16BD6E11003C8F5B /* Default@2x.png */,
				A9D1AEAC16B99E68000BE623 /* Icon1024.png */,
				A9D1AEAD16B99E68000BE623 /* Icon512.png */,
				A9D1AEAE16B99E68000BE623 /* Icon@2x~ipad.png */,
				A9D1AEAF16B99E68000BE623 /* Icon@2x~iphone.png */,
				A9D1AEB016B99E68000BE623 /* Icon~ipad.png */,
				A9D1AEB116B99E68000BE623 /* Icon~iphone.png */,
				A95A5A5E16C2E7AC0001D07D /* sketches */,
				A920CEB416C0373D00284EAF /* thumbnails */,
			);
			path = Assets;
			sourceTree = "<group>";
		};
		A9D1AEBE16B9A1B3000BE623 /* View Controllers */ = {
			isa = PBXGroup;
			children = (
				A99889BC16C1FB09002C924F /* NOC2DSketchViewController.h */,
				A99889BD16C1FB09002C924F /* NOC2DSketchViewController.m */,
				A9BC923116CBEE36009AD45C /* NOC3DSketchViewController.h */,
				A9BC923216CBEE36009AD45C /* NOC3DSketchViewController.m */,
				A9D1AE9D16B99A77000BE623 /* NOCSketchViewController.h */,
				A9D1AE9E16B99A78000BE623 /* NOCSketchViewController.m */,
				A9D1AEA316B99A78000BE623 /* NOCSketchViewController~ipad.xib */,
				A9D1AEA016B99A78000BE623 /* NOCSketchViewController~iphone.xib */,
				A9D1AEB816B9A111000BE623 /* NOCTableOfContentsViewController.h */,
				A9D1AEB916B9A111000BE623 /* NOCTableOfContentsViewController.m */,
			);
			name = "View Controllers";
			sourceTree = "<group>";
		};
		A9D1AEBF16B9A1B9000BE623 /* Views */ = {
			isa = PBXGroup;
			children = (
				A9D1AEC316B9A77D000BE623 /* NOCTableOfContentsCell.h */,
				A9D1AEC416B9A77D000BE623 /* NOCTableOfContentsCell.m */,
				A99889BF16C2AA88002C924F /* NOCSketchDescriptionView.xib */,
			);
			name = Views;
			sourceTree = "<group>";
		};
		A9D1AEC016B9A275000BE623 /* Data */ = {
			isa = PBXGroup;
			children = (
				A9D1AEC616B9A7B1000BE623 /* NOCChapter.h */,
				A9D1AEC716B9A7B1000BE623 /* NOCChapter.m */,
				A9D1AEC916B9A806000BE623 /* NOCSketch.h */,
				A9D1AECA16B9A806000BE623 /* NOCSketch.m */,
				A9D1AEC116B9A288000BE623 /* TableOfContents.plist */,
			);
			name = Data;
			sourceTree = "<group>";
		};
		A9F78ACF16D9138600073D16 /* Week 4 */ = {
			isa = PBXGroup;
			children = (
				A9F78AF416D9522D00073D16 /* NOCFlame.h */,
				A9F78AF516D9522D00073D16 /* NOCFlame.m */,
				A9F78AF116D94C9600073D16 /* NOCFlameParticle.h */,
				A9F78AF216D94C9700073D16 /* NOCFlameParticle.m */,
				A9F78ADF16D9203B00073D16 /* NOCGuiParticleSystem.xib */,
				A9F78AEB16D949F500073D16 /* NOCPaperBurnSketchViewController.h */,
				A9F78AEC16D949F500073D16 /* NOCPaperBurnSketchViewController.m */,
				A9F78AD016D913A900073D16 /* NOCParticleSystemSketchViewController.h */,
				A9F78AD116D913A900073D16 /* NOCParticleSystemSketchViewController.m */,
			);
			name = "Week 4";
			sourceTree = "<group>";
		};
/* End PBXGroup section */

/* Begin PBXNativeTarget section */
		A9D1AE7816B99A77000BE623 /* Nature of Code */ = {
			isa = PBXNativeTarget;
			buildConfigurationList = A9D1AEA816B99A78000BE623 /* Build configuration list for PBXNativeTarget "Nature of Code" */;
			buildPhases = (
				A9D1AE7516B99A77000BE623 /* Sources */,
				A9D1AE7616B99A77000BE623 /* Frameworks */,
				A9D1AE7716B99A77000BE623 /* Resources */,
			);
			buildRules = (
			);
			dependencies = (
			);
			name = "Nature of Code";
			productName = "Nature of Code";
			productReference = A9D1AE7916B99A77000BE623 /* Nature of Code.app */;
			productType = "com.apple.product-type.application";
		};
/* End PBXNativeTarget section */

/* Begin PBXProject section */
		A9D1AE7016B99A77000BE623 /* Project object */ = {
			isa = PBXProject;
			attributes = {
				CLASSPREFIX = NOC;
				LastUpgradeCheck = 0450;
				ORGANIZATIONNAME = wdlindmeier;
			};
			buildConfigurationList = A9D1AE7316B99A77000BE623 /* Build configuration list for PBXProject "Nature of Code" */;
			compatibilityVersion = "Xcode 3.2";
			developmentRegion = English;
			hasScannedForEncodings = 0;
			knownRegions = (
				en,
			);
			mainGroup = A9D1AE6E16B99A77000BE623;
			productRefGroup = A9D1AE7A16B99A77000BE623 /* Products */;
			projectDirPath = "";
			projectRoot = "";
			targets = (
				A9D1AE7816B99A77000BE623 /* Nature of Code */,
			);
		};
/* End PBXProject section */

/* Begin PBXResourcesBuildPhase section */
		A9D1AE7716B99A77000BE623 /* Resources */ = {
			isa = PBXResourcesBuildPhase;
			buildActionMask = 2147483647;
			files = (
				A936F0C816DE9D1200A6EBD8 /* Triangulation.fsh in Resources */,
				A936F0C916DE9D1200A6EBD8 /* Triangulation.vsh in Resources */,
				A9F78AFC16D97F9C00073D16 /* Paper.fsh in Resources */,
				A9F78AFD16D97F9C00073D16 /* Paper.vsh in Resources */,
				A9F78AD516D913F200073D16 /* FlameParticle.fsh in Resources */,
				A9F78AD616D913F200073D16 /* FlameParticle.vsh in Resources */,
				A95C705516D1812D0058D8BA /* MoverDepthShading.fsh in Resources */,
				A95C705716D181380058D8BA /* MoverDepthShading.vsh in Resources */,
				A95C703716D032460058D8BA /* Texture.fsh in Resources */,
				A95C703816D032460058D8BA /* Texture.vsh in Resources */,
				A95C703916D032460058D8BA /* SampleShader.fsh in Resources */,
				A95C703A16D032460058D8BA /* SampleShader.vsh in Resources */,
				A95C702D16D031C40058D8BA /* Mover.fsh in Resources */,
				A95C702E16D031C40058D8BA /* Mover.vsh in Resources */,
				A95C702F16D031C40058D8BA /* RandomWalker.fsh in Resources */,
				A95C703016D031C40058D8BA /* RandomWalker.vsh in Resources */,
				A95C703116D031C40058D8BA /* SceneBox.fsh in Resources */,
				A95C703216D031C40058D8BA /* SceneBox.vsh in Resources */,
				A9D1AE8C16B99A77000BE623 /* InfoPlist.strings in Resources */,
				A9D1AEA216B99A78000BE623 /* NOCSketchViewController~iphone.xib in Resources */,
				A9D1AEA516B99A78000BE623 /* NOCSketchViewController~ipad.xib in Resources */,
				A9D1AEB216B99E68000BE623 /* Icon1024.png in Resources */,
				A9D1AEB316B99E68000BE623 /* Icon512.png in Resources */,
				A9D1AEB416B99E68000BE623 /* Icon@2x~ipad.png in Resources */,
				A9D1AEB516B99E68000BE623 /* Icon@2x~iphone.png in Resources */,
				A9D1AEB616B99E68000BE623 /* Icon~ipad.png in Resources */,
				A9D1AEB716B99E68000BE623 /* Icon~iphone.png in Resources */,
				A9D1AEC216B9A288000BE623 /* TableOfContents.plist in Resources */,
				A95C8FEC16BD6E11003C8F5B /* Default-568h@2x.png in Resources */,
				A95C8FED16BD6E11003C8F5B /* Default.png in Resources */,
				A95C8FEE16BD6E11003C8F5B /* Default@2x.png in Resources */,
				A920CEBB16C0373D00284EAF /* thumb_DirectedWalker.png in Resources */,
				A920CEBC16C0373D00284EAF /* thumb_DirectedWalker@2x.png in Resources */,
				A920CEBD16C0373D00284EAF /* thumb_PerlinWalker.png in Resources */,
				A920CEBE16C0373D00284EAF /* thumb_PerlinWalker@2x.png in Resources */,
				A920CEBF16C0373D00284EAF /* thumb_RandomWalker.png in Resources */,
				A920CEC016C0373D00284EAF /* thumb_RandomWalker@2x.png in Resources */,
				A9D7CB5616C1E86E00BD5331 /* Default-Landscape@2x~ipad.png in Resources */,
				A9D7CB5716C1E86E00BD5331 /* Default-Landscape@2x~iphone.png in Resources */,
				A9D7CB5816C1E86E00BD5331 /* Default-Landscape~ipad.png in Resources */,
				A9D7CB5916C1E86E00BD5331 /* Default-Landscape~iphone.png in Resources */,
				A9D7CB5A16C1E86E00BD5331 /* Default-Portrait@2x~ipad.png in Resources */,
				A9D7CB5B16C1E86E00BD5331 /* Default-Portrait~ipad.png in Resources */,
				A99889B216C1FADB002C924F /* NOCGuiDirectedWalker.xib in Resources */,
				A99889B316C1FADB002C924F /* NOCGuiPerlinWalker.xib in Resources */,
				A99889B416C1FADB002C924F /* NOCGuiRandomWalker.xib in Resources */,
				A99889C016C2AA88002C924F /* NOCSketchDescriptionView.xib in Resources */,
				A95A5A5616C2D8C60001D07D /* NOCGuiAccelMover.xib in Resources */,
				A95A5A6016C2E7AC0001D07D /* mover.png in Resources */,
				A975327516C42CCF004CFE43 /* NOCGuiMultiMover.xib in Resources */,
				A9077A3C16CB4ECF008032C7 /* thumb_AccelMover.png in Resources */,
				A9077A3D16CB4ECF008032C7 /* thumb_AccelMover@2x.png in Resources */,
				A95C705916D189C00058D8BA /* MoverTapMatrix.fsh in Resources */,
				A95C705B16D189C90058D8BA /* MoverTapMatrix.vsh in Resources */,
				A9077A3E16CB4ECF008032C7 /* thumb_MultiMover.png in Resources */,
				A9077A3F16CB4ECF008032C7 /* thumb_MultiMover@2x.png in Resources */,
				A9BC923516CBF481009AD45C /* NOCGuiMover3D.xib in Resources */,
				A9BC923F16CC10DE009AD45C /* thumb_Movers3D.png in Resources */,
				A9BC924016CC10DE009AD45C /* thumb_Movers3D@2x.png in Resources */,
				A95C704216D034660058D8BA /* brushed_sphere.png in Resources */,
				A95C704316D034660058D8BA /* dark_sphere.png in Resources */,
				A95C704416D034660058D8BA /* shiny_sphere.png in Resources */,
				A9F6CB7716D1BD5D00F4BDF9 /* thumb_WaveAddition.png in Resources */,
				A9F6CB7816D1BD5D00F4BDF9 /* thumb_WaveAddition@2x.png in Resources */,
				A9F6CB7916D1BD5D00F4BDF9 /* thumb_WaveMatrix.png in Resources */,
				A9F6CB7A16D1BD5D00F4BDF9 /* thumb_WaveMatrix@2x.png in Resources */,
				A9F6CB7B16D1BD5D00F4BDF9 /* thumb_WaveTap.png in Resources */,
				A9F6CB7C16D1BD5D00F4BDF9 /* thumb_WaveTap@2x.png in Resources */,
				A9F78ADB16D9180400073D16 /* flame_blue.png in Resources */,
				A9F78ADC16D9180400073D16 /* flame_green.png in Resources */,
				A9F78ADD16D9180400073D16 /* flame_magenta.png in Resources */,
				A9F78ADE16D9180400073D16 /* flame_red.png in Resources */,
				A9F78AE016D9203C00073D16 /* NOCGuiParticleSystem.xib in Resources */,
				A936F0AB16DDA73B00A6EBD8 /* thumb_PaperBurn.png in Resources */,
				A936F0AC16DDA73B00A6EBD8 /* thumb_PaperBurn@2x.png in Resources */,
				A936F0AD16DDA73B00A6EBD8 /* thumb_ParticleSystem.png in Resources */,
				A936F0AE16DDA73B00A6EBD8 /* thumb_ParticleSystem@2x.png in Resources */,
			);
			runOnlyForDeploymentPostprocessing = 0;
		};
/* End PBXResourcesBuildPhase section */

/* Begin PBXSourcesBuildPhase section */
		A9D1AE7516B99A77000BE623 /* Sources */ = {
			isa = PBXSourcesBuildPhase;
			buildActionMask = 2147483647;
			files = (
				A9D1AE8E16B99A77000BE623 /* main.m in Sources */,
				A9D1AE9216B99A77000BE623 /* NOCAppDelegate.m in Sources */,
				A9D1AE9F16B99A78000BE623 /* NOCSketchViewController.m in Sources */,
				A9D1AEBB16B9A111000BE623 /* NOCTableOfContentsViewController.m in Sources */,
				A9D1AEC516B9A77D000BE623 /* NOCTableOfContentsCell.m in Sources */,
				A9D1AEC816B9A7B1000BE623 /* NOCChapter.m in Sources */,
				A9D1AECB16B9A806000BE623 /* NOCSketch.m in Sources */,
				A95C900B16BD7351003C8F5B /* NOCSampleSketchViewController.m in Sources */,
				A95C900E16BD7351003C8F5B /* NOCShaderProgram.m in Sources */,
				A95C901816BD7EBB003C8F5B /* NOCTemplateSketchViewController.m in Sources */,
				A987361A16BE052C001D74E8 /* NOCUIKitHelpers.m in Sources */,
				A987362616BF511A001D74E8 /* CAEAGLLayer+Retained.m in Sources */,
				A987363E16C00885001D74E8 /* perlin.c in Sources */,
				A987364316C00C00001D74E8 /* CGGeometry.m in Sources */,
				A99889B016C1FADB002C924F /* NOCDirectedWalker.m in Sources */,
				A99889B116C1FADB002C924F /* NOCDirectedWalkerSketchViewController.m in Sources */,
				A99889B516C1FADB002C924F /* NOCPerlinWalker.m in Sources */,
				A99889B616C1FADB002C924F /* NOCPerlinWalkerSketchViewController.m in Sources */,
				A99889B716C1FADB002C924F /* NOCRandomWalker.m in Sources */,
				A99889B816C1FADB002C924F /* NOCRandomWalkerSketchViewController.m in Sources */,
				A99889B916C1FADB002C924F /* NOCWalker.m in Sources */,
				A99889BE16C1FB09002C924F /* NOC2DSketchViewController.m in Sources */,
				A95A5A5016C2D8970001D07D /* NOCAccelMoverSketchViewController.m in Sources */,
				A95A5A5D16C2DABC0001D07D /* NOCParticle2D.m in Sources */,
				A975327216C42044004CFE43 /* NOCMultiMoverSketchViewController.m in Sources */,
				A9BC922A16CBE54A009AD45C /* NOCParticle3D.m in Sources */,
				A9BC922D16CBE781009AD45C /* NOCMovers3DSketchViewController.m in Sources */,
				A9BC923316CBEE36009AD45C /* NOC3DSketchViewController.m in Sources */,
				A95C702316D0318E0058D8BA /* NOCMover2D.m in Sources */,
				A95C702416D0318E0058D8BA /* NOCMover3D.m in Sources */,
				A95C702516D0318E0058D8BA /* NOCSceneBox.m in Sources */,
				A95C703E16D032F90058D8BA /* NOCWaveOscillationSketchViewController.m in Sources */,
				A95C704716D047760058D8BA /* NOCWaveAdditionSketchViewController.m in Sources */,
				A95C704A16D05E560058D8BA /* NOCWaveTapSketchViewController.m in Sources */,
				A95C704D16D05F500058D8BA /* NOCTapWave.m in Sources */,
				A95C705016D139220058D8BA /* NOCWaveMatrixSketchViewController.m in Sources */,
				A95C705316D141B80058D8BA /* NOCSpring3D.m in Sources */,
				A9F78AD216D913A900073D16 /* NOCParticleSystemSketchViewController.m in Sources */,
				A9F78AE316D9237C00073D16 /* NOCParticleSystem.m in Sources */,
				A9F78AE716D926DF00073D16 /* NOCParticle.m in Sources */,
				A9F78AED16D949F500073D16 /* NOCPaperBurnSketchViewController.m in Sources */,
				A9F78AF016D94C8300073D16 /* NOCCubeMover.m in Sources */,
				A9F78AF316D94C9700073D16 /* NOCFlameParticle.m in Sources */,
				A9F78AF616D9522D00073D16 /* NOCFlame.m in Sources */,
				A9F78AF916D9780900073D16 /* NOCFrameBuffer.m in Sources */,
				A936F0B216DE7FD900A6EBD8 /* NOCTriangulationSketchViewController.m in Sources */,
				A936F0C016DE802E00A6EBD8 /* DelaunayEdge.m in Sources */,
				A936F0C116DE802E00A6EBD8 /* DelaunayPoint.m in Sources */,
				A936F0C216DE802E00A6EBD8 /* DelaunayTriangle.m in Sources */,
				A936F0C316DE802E00A6EBD8 /* DelaunayTriangulation.m in Sources */,
				A936F0C416DE802E00A6EBD8 /* VoronoiCell.m in Sources */,
				A936F0CC16DEA02E00A6EBD8 /* DelaunayTriangulation+NOCHelpers.m in Sources */,
			);
			runOnlyForDeploymentPostprocessing = 0;
		};
/* End PBXSourcesBuildPhase section */

/* Begin PBXVariantGroup section */
		A9D1AE8A16B99A77000BE623 /* InfoPlist.strings */ = {
			isa = PBXVariantGroup;
			children = (
				A9D1AE8B16B99A77000BE623 /* en */,
			);
			name = InfoPlist.strings;
			sourceTree = "<group>";
		};
		A9D1AEA016B99A78000BE623 /* NOCSketchViewController~iphone.xib */ = {
			isa = PBXVariantGroup;
			children = (
				A9D1AEA116B99A78000BE623 /* en */,
			);
			name = "NOCSketchViewController~iphone.xib";
			sourceTree = "<group>";
		};
		A9D1AEA316B99A78000BE623 /* NOCSketchViewController~ipad.xib */ = {
			isa = PBXVariantGroup;
			children = (
				A9D1AEA416B99A78000BE623 /* en */,
			);
			name = "NOCSketchViewController~ipad.xib";
			sourceTree = "<group>";
		};
/* End PBXVariantGroup section */

/* Begin XCBuildConfiguration section */
		A9D1AEA616B99A78000BE623 /* Debug */ = {
			isa = XCBuildConfiguration;
			buildSettings = {
				ALWAYS_SEARCH_USER_PATHS = NO;
				CLANG_CXX_LANGUAGE_STANDARD = "gnu++0x";
				CLANG_CXX_LIBRARY = "libc++";
				CLANG_ENABLE_OBJC_ARC = YES;
				CLANG_WARN_EMPTY_BODY = YES;
				CLANG_WARN__DUPLICATE_METHOD_MATCH = YES;
				"CODE_SIGN_IDENTITY[sdk=iphoneos*]" = "iPhone Developer";
				COPY_PHASE_STRIP = NO;
				GCC_C_LANGUAGE_STANDARD = gnu99;
				GCC_DYNAMIC_NO_PIC = NO;
				GCC_OPTIMIZATION_LEVEL = 0;
				GCC_PREPROCESSOR_DEFINITIONS = (
					"DEBUG=1",
					"$(inherited)",
				);
				GCC_SYMBOLS_PRIVATE_EXTERN = NO;
				GCC_WARN_ABOUT_RETURN_TYPE = YES;
				GCC_WARN_UNINITIALIZED_AUTOS = YES;
				GCC_WARN_UNUSED_VARIABLE = YES;
				IPHONEOS_DEPLOYMENT_TARGET = 5.1;
				ONLY_ACTIVE_ARCH = YES;
				SDKROOT = iphoneos;
				TARGETED_DEVICE_FAMILY = "1,2";
			};
			name = Debug;
		};
		A9D1AEA716B99A78000BE623 /* Release */ = {
			isa = XCBuildConfiguration;
			buildSettings = {
				ALWAYS_SEARCH_USER_PATHS = NO;
				CLANG_CXX_LANGUAGE_STANDARD = "gnu++0x";
				CLANG_CXX_LIBRARY = "libc++";
				CLANG_ENABLE_OBJC_ARC = YES;
				CLANG_WARN_EMPTY_BODY = YES;
				CLANG_WARN__DUPLICATE_METHOD_MATCH = YES;
				"CODE_SIGN_IDENTITY[sdk=iphoneos*]" = "iPhone Developer";
				COPY_PHASE_STRIP = YES;
				GCC_C_LANGUAGE_STANDARD = gnu99;
				GCC_WARN_ABOUT_RETURN_TYPE = YES;
				GCC_WARN_UNINITIALIZED_AUTOS = YES;
				GCC_WARN_UNUSED_VARIABLE = YES;
				IPHONEOS_DEPLOYMENT_TARGET = 5.1;
				OTHER_CFLAGS = "-DNS_BLOCK_ASSERTIONS=1";
				SDKROOT = iphoneos;
				TARGETED_DEVICE_FAMILY = "1,2";
				VALIDATE_PRODUCT = YES;
			};
			name = Release;
		};
		A9D1AEA916B99A78000BE623 /* Debug */ = {
			isa = XCBuildConfiguration;
			buildSettings = {
				GCC_PRECOMPILE_PREFIX_HEADER = YES;
				GCC_PREFIX_HEADER = "Nature of Code/Nature of Code-Prefix.pch";
				HEADER_SEARCH_PATHS = "\"$(SRCROOT)/Edgy\"";
				INFOPLIST_FILE = "Nature of Code/Nature of Code-Info.plist";
				PRODUCT_NAME = "$(TARGET_NAME)";
				WRAPPER_EXTENSION = app;
			};
			name = Debug;
		};
		A9D1AEAA16B99A78000BE623 /* Release */ = {
			isa = XCBuildConfiguration;
			buildSettings = {
				GCC_PRECOMPILE_PREFIX_HEADER = YES;
				GCC_PREFIX_HEADER = "Nature of Code/Nature of Code-Prefix.pch";
				HEADER_SEARCH_PATHS = "\"$(SRCROOT)/Edgy\"";
				INFOPLIST_FILE = "Nature of Code/Nature of Code-Info.plist";
				PRODUCT_NAME = "$(TARGET_NAME)";
				WRAPPER_EXTENSION = app;
			};
			name = Release;
		};
/* End XCBuildConfiguration section */

/* Begin XCConfigurationList section */
		A9D1AE7316B99A77000BE623 /* Build configuration list for PBXProject "Nature of Code" */ = {
			isa = XCConfigurationList;
			buildConfigurations = (
				A9D1AEA616B99A78000BE623 /* Debug */,
				A9D1AEA716B99A78000BE623 /* Release */,
			);
			defaultConfigurationIsVisible = 0;
			defaultConfigurationName = Release;
		};
		A9D1AEA816B99A78000BE623 /* Build configuration list for PBXNativeTarget "Nature of Code" */ = {
			isa = XCConfigurationList;
			buildConfigurations = (
				A9D1AEA916B99A78000BE623 /* Debug */,
				A9D1AEAA16B99A78000BE623 /* Release */,
			);
			defaultConfigurationIsVisible = 0;
			defaultConfigurationName = Release;
		};
/* End XCConfigurationList section */
	};
	rootObject = A9D1AE7016B99A77000BE623 /* Project object */;
}
